{
  "version": 4,
  "terraform_version": "1.5.5",
  "serial": 124,
  "lineage": "d4eedabf-bd9b-d811-c23e-2b27f7a9f54a",
  "outputs": {},
  "resources": [
    {
      "mode": "managed",
      "type": "aws_eip",
      "name": "nat_eips",
      "provider": "provider[\"registry.terraform.io/hashicorp/aws\"]",
      "instances": [
        {
          "index_key": 0,
          "schema_version": 0,
          "attributes": {
            "address": null,
            "allocation_id": "eipalloc-00ed2f9514086c65e",
            "associate_with_private_ip": null,
            "association_id": "eipassoc-032a8e4c724540ba3",
            "carrier_ip": "",
            "customer_owned_ip": "",
            "customer_owned_ipv4_pool": "",
            "domain": "vpc",
            "id": "eipalloc-00ed2f9514086c65e",
            "instance": "",
            "network_border_group": "eu-central-1",
            "network_interface": "eni-0405cc6840e124314",
            "private_dns": "ip-10-0-1-234.eu-central-1.compute.internal",
            "private_ip": "10.0.1.234",
            "public_dns": "ec2-3-78-88-231.eu-central-1.compute.amazonaws.com",
            "public_ip": "3.78.88.231",
            "public_ipv4_pool": "amazon",
            "tags": {},
            "tags_all": {},
            "timeouts": null,
            "vpc": true
          },
          "sensitive_attributes": [],
          "private": "eyJlMmJmYjczMC1lY2FhLTExZTYtOGY4OC0zNDM2M2JjN2M0YzAiOnsiZGVsZXRlIjoxODAwMDAwMDAwMDAsInJlYWQiOjkwMDAwMDAwMDAwMCwidXBkYXRlIjozMDAwMDAwMDAwMDB9fQ=="
        },
        {
          "index_key": 1,
          "schema_version": 0,
          "attributes": {
            "address": null,
            "allocation_id": "eipalloc-0f5b84c5ce8438ce3",
            "associate_with_private_ip": null,
            "association_id": "eipassoc-0732afc7c3eae36db",
            "carrier_ip": "",
            "customer_owned_ip": "",
            "customer_owned_ipv4_pool": "",
            "domain": "vpc",
            "id": "eipalloc-0f5b84c5ce8438ce3",
            "instance": "",
            "network_border_group": "eu-central-1",
            "network_interface": "eni-09220698593195735",
            "private_dns": "ip-10-0-2-68.eu-central-1.compute.internal",
            "private_ip": "10.0.2.68",
            "public_dns": "ec2-3-66-97-7.eu-central-1.compute.amazonaws.com",
            "public_ip": "3.66.97.7",
            "public_ipv4_pool": "amazon",
            "tags": {},
            "tags_all": {},
            "timeouts": null,
            "vpc": true
          },
          "sensitive_attributes": [],
          "private": "eyJlMmJmYjczMC1lY2FhLTExZTYtOGY4OC0zNDM2M2JjN2M0YzAiOnsiZGVsZXRlIjoxODAwMDAwMDAwMDAsInJlYWQiOjkwMDAwMDAwMDAwMCwidXBkYXRlIjozMDAwMDAwMDAwMDB9fQ=="
        }
      ]
    },
    {
      "mode": "managed",
      "type": "aws_instance",
      "name": "private_instances",
      "provider": "provider[\"registry.terraform.io/hashicorp/aws\"]",
      "instances": [
        {
          "index_key": 0,
          "schema_version": 1,
          "attributes": {
            "ami": "ami-0c4c4bd6cf0c5fe52",
            "arn": "arn:aws:ec2:eu-central-1:174422293245:instance/i-0e8ac51fe807dd9d9",
            "associate_public_ip_address": true,
            "availability_zone": "eu-central-1a",
            "capacity_reservation_specification": [
              {
                "capacity_reservation_preference": "open",
                "capacity_reservation_target": []
              }
            ],
            "cpu_core_count": 1,
            "cpu_options": [
              {
                "amd_sev_snp": "",
                "core_count": 1,
                "threads_per_core": 1
              }
            ],
            "cpu_threads_per_core": 1,
            "credit_specification": [
              {
                "cpu_credits": "standard"
              }
            ],
            "disable_api_stop": false,
            "disable_api_termination": false,
            "ebs_block_device": [],
            "ebs_optimized": false,
            "enclave_options": [
              {
                "enabled": false
              }
            ],
            "ephemeral_block_device": [],
            "get_password_data": false,
            "hibernation": false,
            "host_id": "",
            "host_resource_group_arn": null,
            "iam_instance_profile": "",
            "id": "i-0e8ac51fe807dd9d9",
            "instance_initiated_shutdown_behavior": "stop",
            "instance_lifecycle": "",
            "instance_market_options": [],
            "instance_state": "running",
            "instance_type": "t2.micro",
            "ipv6_address_count": 0,
            "ipv6_addresses": [],
            "key_name": "instance1",
            "launch_template": [],
            "maintenance_options": [
              {
                "auto_recovery": "default"
              }
            ],
            "metadata_options": [
              {
                "http_endpoint": "enabled",
                "http_protocol_ipv6": "disabled",
                "http_put_response_hop_limit": 2,
                "http_tokens": "required",
                "instance_metadata_tags": "disabled"
              }
            ],
            "monitoring": false,
            "network_interface": [],
            "outpost_arn": "",
            "password_data": "",
            "placement_group": "",
            "placement_partition_number": 0,
            "primary_network_interface_id": "eni-03ed57009cf7d2e88",
            "private_dns": "ip-10-0-3-169.eu-central-1.compute.internal",
            "private_dns_name_options": [
              {
                "enable_resource_name_dns_a_record": false,
                "enable_resource_name_dns_aaaa_record": false,
                "hostname_type": "ip-name"
              }
            ],
            "private_ip": "10.0.3.169",
            "public_dns": "ec2-18-184-53-155.eu-central-1.compute.amazonaws.com",
            "public_ip": "18.184.53.155",
            "root_block_device": [
              {
                "delete_on_termination": true,
                "device_name": "/dev/xvda",
                "encrypted": false,
                "iops": 3000,
                "kms_key_id": "",
                "tags": {},
                "throughput": 125,
                "volume_id": "vol-0dfd4b2446b22dba7",
                "volume_size": 8,
                "volume_type": "gp3"
              }
            ],
            "secondary_private_ips": [],
            "security_groups": [
              "sg-0a2187c495e0bfd77"
            ],
            "source_dest_check": true,
            "spot_instance_request_id": "",
            "subnet_id": "subnet-02cb9716f1ea78a2a",
            "tags": null,
            "tags_all": {},
            "tenancy": "default",
            "timeouts": null,
            "user_data": "a9ebff973c87f1f6a1d97715090d1d8d87346d90",
            "user_data_base64": null,
            "user_data_replace_on_change": false,
            "volume_tags": null,
            "vpc_security_group_ids": [
              "sg-0a2187c495e0bfd77"
            ]
          },
          "sensitive_attributes": [],
          "private": "eyJlMmJmYjczMC1lY2FhLTExZTYtOGY4OC0zNDM2M2JjN2M0YzAiOnsiY3JlYXRlIjo2MDAwMDAwMDAwMDAsImRlbGV0ZSI6MTIwMDAwMDAwMDAwMCwidXBkYXRlIjo2MDAwMDAwMDAwMDB9LCJzY2hlbWFfdmVyc2lvbiI6IjEifQ==",
          "dependencies": [
            "aws_key_pair.instance_keys",
            "aws_security_group.private_subnet_sg",
            "aws_subnet.private_subnets"
          ]
        },
        {
          "index_key": 1,
          "schema_version": 1,
          "attributes": {
            "ami": "ami-0c4c4bd6cf0c5fe52",
            "arn": "arn:aws:ec2:eu-central-1:174422293245:instance/i-0636f7db810f8281f",
            "associate_public_ip_address": true,
            "availability_zone": "eu-central-1b",
            "capacity_reservation_specification": [
              {
                "capacity_reservation_preference": "open",
                "capacity_reservation_target": []
              }
            ],
            "cpu_core_count": 1,
            "cpu_options": [
              {
                "amd_sev_snp": "",
                "core_count": 1,
                "threads_per_core": 1
              }
            ],
            "cpu_threads_per_core": 1,
            "credit_specification": [
              {
                "cpu_credits": "standard"
              }
            ],
            "disable_api_stop": false,
            "disable_api_termination": false,
            "ebs_block_device": [],
            "ebs_optimized": false,
            "enclave_options": [
              {
                "enabled": false
              }
            ],
            "ephemeral_block_device": [],
            "get_password_data": false,
            "hibernation": false,
            "host_id": "",
            "host_resource_group_arn": null,
            "iam_instance_profile": "",
            "id": "i-0636f7db810f8281f",
            "instance_initiated_shutdown_behavior": "stop",
            "instance_lifecycle": "",
            "instance_market_options": [],
            "instance_state": "running",
            "instance_type": "t2.micro",
            "ipv6_address_count": 0,
            "ipv6_addresses": [],
            "key_name": "instance2",
            "launch_template": [],
            "maintenance_options": [
              {
                "auto_recovery": "default"
              }
            ],
            "metadata_options": [
              {
                "http_endpoint": "enabled",
                "http_protocol_ipv6": "disabled",
                "http_put_response_hop_limit": 2,
                "http_tokens": "required",
                "instance_metadata_tags": "disabled"
              }
            ],
            "monitoring": false,
            "network_interface": [],
            "outpost_arn": "",
            "password_data": "",
            "placement_group": "",
            "placement_partition_number": 0,
            "primary_network_interface_id": "eni-0f965a04ef6a4c5d4",
            "private_dns": "ip-10-0-4-31.eu-central-1.compute.internal",
            "private_dns_name_options": [
              {
                "enable_resource_name_dns_a_record": false,
                "enable_resource_name_dns_aaaa_record": false,
                "hostname_type": "ip-name"
              }
            ],
            "private_ip": "10.0.4.31",
            "public_dns": "ec2-35-158-16-27.eu-central-1.compute.amazonaws.com",
            "public_ip": "35.158.16.27",
            "root_block_device": [
              {
                "delete_on_termination": true,
                "device_name": "/dev/xvda",
                "encrypted": false,
                "iops": 3000,
                "kms_key_id": "",
                "tags": {},
                "throughput": 125,
                "volume_id": "vol-01f016bb7c5815d6f",
                "volume_size": 8,
                "volume_type": "gp3"
              }
            ],
            "secondary_private_ips": [],
            "security_groups": [
              "sg-0eddef4d545597181"
            ],
            "source_dest_check": true,
            "spot_instance_request_id": "",
            "subnet_id": "subnet-0cc804a83c62a72a2",
            "tags": null,
            "tags_all": {},
            "tenancy": "default",
            "timeouts": null,
            "user_data": "a9ebff973c87f1f6a1d97715090d1d8d87346d90",
            "user_data_base64": null,
            "user_data_replace_on_change": false,
            "volume_tags": null,
            "vpc_security_group_ids": [
              "sg-0eddef4d545597181"
            ]
          },
          "sensitive_attributes": [],
          "private": "eyJlMmJmYjczMC1lY2FhLTExZTYtOGY4OC0zNDM2M2JjN2M0YzAiOnsiY3JlYXRlIjo2MDAwMDAwMDAwMDAsImRlbGV0ZSI6MTIwMDAwMDAwMDAwMCwidXBkYXRlIjo2MDAwMDAwMDAwMDB9LCJzY2hlbWFfdmVyc2lvbiI6IjEifQ==",
          "dependencies": [
            "aws_key_pair.instance_keys",
            "aws_security_group.private_subnet_sg",
            "aws_subnet.private_subnets"
          ]
        }
      ]
    },
    {
      "mode": "managed",
      "type": "aws_internet_gateway",
      "name": "gw",
      "provider": "provider[\"registry.terraform.io/hashicorp/aws\"]",
      "instances": [
        {
          "schema_version": 0,
          "attributes": {
            "arn": "arn:aws:ec2:eu-central-1:174422293245:internet-gateway/igw-09116d37f2ca2c95a",
            "id": "igw-09116d37f2ca2c95a",
            "owner_id": "174422293245",
            "tags": {
              "Name": "gw"
            },
            "tags_all": {
              "Name": "gw"
            },
            "timeouts": null,
            "vpc_id": "vpc-024856f1bdf7f83a6"
          },
          "sensitive_attributes": [],
          "private": "eyJlMmJmYjczMC1lY2FhLTExZTYtOGY4OC0zNDM2M2JjN2M0YzAiOnsiY3JlYXRlIjoxMjAwMDAwMDAwMDAwLCJkZWxldGUiOjEyMDAwMDAwMDAwMDAsInVwZGF0ZSI6MTIwMDAwMDAwMDAwMH19",
          "dependencies": [
            "aws_vpc.VPC-Terraform"
          ]
        }
      ]
    },
    {
      "mode": "managed",
      "type": "aws_key_pair",
      "name": "instance_keys",
      "provider": "provider[\"registry.terraform.io/hashicorp/aws\"]",
      "instances": [
        {
          "index_key": 0,
          "schema_version": 1,
          "attributes": {
            "arn": "arn:aws:ec2:eu-central-1:174422293245:key-pair/instance1",
            "fingerprint": "9a:90:46:b8:9d:61:58:e0:d1:fb:85:fb:0f:2e:45:47",
            "id": "instance1",
            "key_name": "instance1",
            "key_name_prefix": "",
            "key_pair_id": "key-0079e6a22d7550f7f",
            "key_type": "rsa",
            "public_key": "ssh-rsa AAAAB3NzaC1yc2EAAAADAQABAAACAQDn5CcA1g9QIXmzRgfaKuuy1vbwtzGtNjDnWXXMGUCpS/RusE31ixnfzB8veNKBd8bjdsWJNPHZ+VKBnpdtgyL0mjIQxUEa/X9wq+FGSva+9N3RCzsKAjOMCcSEIwrbzR4uhLelUd36yupF8PfO5YyzMi3ITYMRG7ej7clDS57+NwUTtoy7S24HHOV0VYjnA2rGrmmENVVRGQE/VTiF1Cv+t5h4OuefBH/716BEKIK9Zv/4JLlCcKG6IPUrqpp0mZeF1nEHtvpAfqmZuEVLItDWwffTMStbcNmOYJNTeyAh/QyrKXPl3DrvCpNOGIy9OKzj9xhtHnaJ2OUnZezPUXEwtbaZWNpujSLOopASymGdGqWZH4WKC8g1l73cAH94CjOUxmpdM+SCfRQuF4LQNKwDfBZajK6IMvCaRBBoxSnOGks4gPmmktBL/K4OAqXI6EiutDB8IhMmoOoNNWrK5n9zuZ9hsKIndhVFNqmqE24eq4YXP1xfcmRgD2fgAPuY6UgFfSMj1uqL67ccl2OFQm33dMPCtzKUXdaDccIrV8eYwzG5aTkl7V9eaKaBkCTXEiBuMCE7SEEFjcfudU4F7dxfOnOEiG55NhlBRdX35UpsX+9R8C5+1CIpMGJFo2aVObg6ncqirpI6c5FSglovpIT9URBc5p+37yDzKdjlN5Qssw==",
            "tags": {},
            "tags_all": {}
          },
          "sensitive_attributes": [],
          "private": "eyJzY2hlbWFfdmVyc2lvbiI6IjEifQ==",
          "dependencies": [
            "tls_private_key.instance_private_keys"
          ]
        },
        {
          "index_key": 1,
          "schema_version": 1,
          "attributes": {
            "arn": "arn:aws:ec2:eu-central-1:174422293245:key-pair/instance2",
            "fingerprint": "b4:db:56:14:4e:54:53:4e:90:2a:35:01:81:d7:c5:62",
            "id": "instance2",
            "key_name": "instance2",
            "key_name_prefix": "",
            "key_pair_id": "key-05ecbe8efcbb73593",
            "key_type": "rsa",
            "public_key": "ssh-rsa AAAAB3NzaC1yc2EAAAADAQABAAACAQDxZE1t1NEz/3HTZT9qAKjqZWwWBbTt0pePbHb9wLdzl7Ar67KkHs26b8dQqvgb/jAwHJUL7uyd0TmKDwRPNSTC8DddAOCplbyzJ8clN84e/Q5fRck7kp1lfiGB675ymCMfVaRHJLbqjJXN6nEBeb9Az1xoc03pNTyT+a1Kw87oML5hBEt3cPyjKfISaZyuVjGOcMBWqvQVHqGBB+K7/yZ7VXDH4Vi0FVE6OaiakKiqjZcHm/AXKyIWZebK4MFl69sFVflHTr5cS01zwMZ4FY50ngq4eEviMiDQSRzqEMlDsf0bLnckYg+EYVbatSj+5fy6I18eQnSqy4RRB0/I6IOKynrMoh0pvDJrRxbLklNPsST6aTw2w2XRpRAL08z1u7jQeRInh2cwQiV0h7Wg7cSbwwm22DkTIYqmI9NA13JT4CgNQtVUuV2zn/3k2Vmz39WupWg/+6iaU4SCXztKcANdQmxlwHwNidxHNoYCC0yCSHcwEqe6WDhUuEdpQoLBaNv52cPplExU142hWeTVkRPsIUrpiGxJ4wnoI0OEKwpHo1t1B5n7uSCkblUbkYpKIGiptmSQDXP8pZyHhYrkxMou/CSm2DGN+y2B6MmEw1LYDxbx3gJeoRWrowbDOfzS9G9UhARN61cQiHfqXMrmX+O7vjnSk61YCng2m7UZjZw3Ew==",
            "tags": {},
            "tags_all": {}
          },
          "sensitive_attributes": [],
          "private": "eyJzY2hlbWFfdmVyc2lvbiI6IjEifQ==",
          "dependencies": [
            "tls_private_key.instance_private_keys"
          ]
        }
      ]
    },
    {
      "mode": "managed",
      "type": "aws_lb",
      "name": "LBA_resource",
      "provider": "provider[\"registry.terraform.io/hashicorp/aws\"]",
      "instances": [
        {
          "schema_version": 0,
          "attributes": {
            "access_logs": [
              {
                "bucket": "",
                "enabled": false,
                "prefix": ""
              }
            ],
            "arn": "arn:aws:elasticloadbalancing:eu-central-1:174422293245:loadbalancer/app/example-alb/61535108a6a91d3a",
            "arn_suffix": "app/example-alb/61535108a6a91d3a",
            "customer_owned_ipv4_pool": "",
            "desync_mitigation_mode": "defensive",
            "dns_name": "example-alb-1674264737.eu-central-1.elb.amazonaws.com",
            "drop_invalid_header_fields": false,
            "enable_cross_zone_load_balancing": true,
            "enable_deletion_protection": false,
            "enable_http2": true,
            "enable_tls_version_and_cipher_suite_headers": false,
            "enable_waf_fail_open": false,
            "enable_xff_client_port": false,
            "id": "arn:aws:elasticloadbalancing:eu-central-1:174422293245:loadbalancer/app/example-alb/61535108a6a91d3a",
            "idle_timeout": 60,
            "internal": false,
            "ip_address_type": "ipv4",
            "load_balancer_type": "application",
            "name": "example-alb",
            "name_prefix": null,
            "preserve_host_header": false,
            "security_groups": [
              "sg-08cf340ceaf6d8645"
            ],
            "subnet_mapping": [
              {
                "allocation_id": "",
                "ipv6_address": "",
                "outpost_id": "",
                "private_ipv4_address": "",
                "subnet_id": "subnet-07a0583461d2975b4"
              },
              {
                "allocation_id": "",
                "ipv6_address": "",
                "outpost_id": "",
                "private_ipv4_address": "",
                "subnet_id": "subnet-08d3e5ed389f393a2"
              }
            ],
            "subnets": [
              "subnet-07a0583461d2975b4",
              "subnet-08d3e5ed389f393a2"
            ],
            "tags": {},
            "tags_all": {},
            "timeouts": null,
            "vpc_id": "vpc-024856f1bdf7f83a6",
            "xff_header_processing_mode": "append",
            "zone_id": "Z215JYRZR1TBD5"
          },
          "sensitive_attributes": [],
          "private": "eyJlMmJmYjczMC1lY2FhLTExZTYtOGY4OC0zNDM2M2JjN2M0YzAiOnsiY3JlYXRlIjo2MDAwMDAwMDAwMDAsImRlbGV0ZSI6NjAwMDAwMDAwMDAwLCJ1cGRhdGUiOjYwMDAwMDAwMDAwMH19",
          "dependencies": [
            "aws_security_group.instance_connect_sg",
            "aws_security_group.lba_sg",
            "aws_security_group.private_subnet_sg",
            "aws_subnet.public_subnets",
            "aws_vpc.VPC-Terraform"
          ]
        }
      ]
    },
    {
      "mode": "managed",
      "type": "aws_lb_listener",
      "name": "lb_listener_http",
      "provider": "provider[\"registry.terraform.io/hashicorp/aws\"]",
      "instances": [
        {
          "schema_version": 0,
          "attributes": {
            "alpn_policy": null,
            "arn": "arn:aws:elasticloadbalancing:eu-central-1:174422293245:listener/app/example-alb/61535108a6a91d3a/0ed9b22ba620055f",
            "certificate_arn": null,
            "default_action": [
              {
                "authenticate_cognito": [],
                "authenticate_oidc": [],
                "fixed_response": [
                  {
                    "content_type": "text/plain",
                    "message_body": "",
                    "status_code": "200"
                  }
                ],
                "forward": [],
                "order": 1,
                "redirect": [],
                "target_group_arn": "",
                "type": "fixed-response"
              }
            ],
            "id": "arn:aws:elasticloadbalancing:eu-central-1:174422293245:listener/app/example-alb/61535108a6a91d3a/0ed9b22ba620055f",
            "load_balancer_arn": "arn:aws:elasticloadbalancing:eu-central-1:174422293245:loadbalancer/app/example-alb/61535108a6a91d3a",
            "port": 80,
            "protocol": "HTTP",
            "ssl_policy": "",
            "tags": {},
            "tags_all": {},
            "timeouts": null
          },
          "sensitive_attributes": [],
          "private": "eyJlMmJmYjczMC1lY2FhLTExZTYtOGY4OC0zNDM2M2JjN2M0YzAiOnsicmVhZCI6NjAwMDAwMDAwMDAwfX0=",
          "dependencies": [
            "aws_lb.LBA_resource",
            "aws_security_group.instance_connect_sg",
            "aws_security_group.lba_sg",
            "aws_security_group.private_subnet_sg",
            "aws_subnet.public_subnets",
            "aws_vpc.VPC-Terraform"
          ]
        }
      ]
    },
    {
      "mode": "managed",
      "type": "aws_lb_listener_rule",
      "name": "lb_listener_rules",
      "provider": "provider[\"registry.terraform.io/hashicorp/aws\"]",
      "instances": [
        {
          "index_key": 0,
          "schema_version": 0,
          "attributes": {
            "action": [
              {
                "authenticate_cognito": [],
                "authenticate_oidc": [],
                "fixed_response": [],
                "forward": [],
                "order": 1,
                "redirect": [],
                "target_group_arn": "arn:aws:elasticloadbalancing:eu-central-1:174422293245:targetgroup/tg-nginx1/69c09b0a946e7a0d",
                "type": "forward"
              }
            ],
            "arn": "arn:aws:elasticloadbalancing:eu-central-1:174422293245:listener-rule/app/example-alb/61535108a6a91d3a/0ed9b22ba620055f/764aec600e9d027a",
            "condition": [
              {
                "host_header": [],
                "http_header": [],
                "http_request_method": [],
                "path_pattern": [
                  {
                    "values": [
                      "/nginx1"
                    ]
                  }
                ],
                "query_string": [],
                "source_ip": []
              }
            ],
            "id": "arn:aws:elasticloadbalancing:eu-central-1:174422293245:listener-rule/app/example-alb/61535108a6a91d3a/0ed9b22ba620055f/764aec600e9d027a",
            "listener_arn": "arn:aws:elasticloadbalancing:eu-central-1:174422293245:listener/app/example-alb/61535108a6a91d3a/0ed9b22ba620055f",
            "priority": 1,
            "tags": {},
            "tags_all": {}
          },
          "sensitive_attributes": [],
          "private": "bnVsbA==",
          "dependencies": [
            "aws_lb.LBA_resource",
            "aws_lb_listener.lb_listener_http",
            "aws_lb_target_group.tg-nginx",
            "aws_security_group.instance_connect_sg",
            "aws_security_group.lba_sg",
            "aws_security_group.private_subnet_sg",
            "aws_subnet.public_subnets",
            "aws_vpc.VPC-Terraform"
          ]
        },
        {
          "index_key": 1,
          "schema_version": 0,
          "attributes": {
            "action": [
              {
                "authenticate_cognito": [],
                "authenticate_oidc": [],
                "fixed_response": [],
                "forward": [],
                "order": 1,
                "redirect": [],
                "target_group_arn": "arn:aws:elasticloadbalancing:eu-central-1:174422293245:targetgroup/tg-nginx2/a403665a85723f82",
                "type": "forward"
              }
            ],
            "arn": "arn:aws:elasticloadbalancing:eu-central-1:174422293245:listener-rule/app/example-alb/61535108a6a91d3a/0ed9b22ba620055f/872cb60bf938f439",
            "condition": [
              {
                "host_header": [],
                "http_header": [],
                "http_request_method": [],
                "path_pattern": [
                  {
                    "values": [
                      "/nginx2"
                    ]
                  }
                ],
                "query_string": [],
                "source_ip": []
              }
            ],
            "id": "arn:aws:elasticloadbalancing:eu-central-1:174422293245:listener-rule/app/example-alb/61535108a6a91d3a/0ed9b22ba620055f/872cb60bf938f439",
            "listener_arn": "arn:aws:elasticloadbalancing:eu-central-1:174422293245:listener/app/example-alb/61535108a6a91d3a/0ed9b22ba620055f",
            "priority": 2,
            "tags": {},
            "tags_all": {}
          },
          "sensitive_attributes": [],
          "private": "bnVsbA==",
          "dependencies": [
            "aws_lb.LBA_resource",
            "aws_lb_listener.lb_listener_http",
            "aws_lb_target_group.tg-nginx",
            "aws_security_group.instance_connect_sg",
            "aws_security_group.lba_sg",
            "aws_security_group.private_subnet_sg",
            "aws_subnet.public_subnets",
            "aws_vpc.VPC-Terraform"
          ]
        }
      ]
    },
    {
      "mode": "managed",
      "type": "aws_lb_target_group",
      "name": "tg-nginx",
      "provider": "provider[\"registry.terraform.io/hashicorp/aws\"]",
      "instances": [
        {
          "index_key": 0,
          "schema_version": 0,
          "attributes": {
            "arn": "arn:aws:elasticloadbalancing:eu-central-1:174422293245:targetgroup/tg-nginx1/69c09b0a946e7a0d",
            "arn_suffix": "targetgroup/tg-nginx1/69c09b0a946e7a0d",
            "connection_termination": false,
            "deregistration_delay": "300",
            "health_check": [
              {
                "enabled": true,
                "healthy_threshold": 3,
                "interval": 20,
                "matcher": "200",
                "path": "/",
                "port": "80",
                "protocol": "HTTP",
                "timeout": 10,
                "unhealthy_threshold": 2
              }
            ],
            "id": "arn:aws:elasticloadbalancing:eu-central-1:174422293245:targetgroup/tg-nginx1/69c09b0a946e7a0d",
            "ip_address_type": "ipv4",
            "lambda_multi_value_headers_enabled": false,
            "load_balancing_algorithm_type": "round_robin",
            "load_balancing_cross_zone_enabled": "use_load_balancer_configuration",
            "name": "tg-nginx1",
            "name_prefix": null,
            "port": 80,
            "preserve_client_ip": null,
            "protocol": "HTTP",
            "protocol_version": "HTTP1",
            "proxy_protocol_v2": false,
            "slow_start": 0,
            "stickiness": [
              {
                "cookie_duration": 86400,
                "cookie_name": "",
                "enabled": false,
                "type": "lb_cookie"
              }
            ],
            "tags": {},
            "tags_all": {},
            "target_failover": [
              {
                "on_deregistration": null,
                "on_unhealthy": null
              }
            ],
            "target_type": "instance",
            "vpc_id": "vpc-024856f1bdf7f83a6"
          },
          "sensitive_attributes": [],
          "private": "bnVsbA==",
          "dependencies": [
            "aws_vpc.VPC-Terraform"
          ]
        },
        {
          "index_key": 1,
          "schema_version": 0,
          "attributes": {
            "arn": "arn:aws:elasticloadbalancing:eu-central-1:174422293245:targetgroup/tg-nginx2/a403665a85723f82",
            "arn_suffix": "targetgroup/tg-nginx2/a403665a85723f82",
            "connection_termination": false,
            "deregistration_delay": "300",
            "health_check": [
              {
                "enabled": true,
                "healthy_threshold": 3,
                "interval": 20,
                "matcher": "200",
                "path": "/",
                "port": "80",
                "protocol": "HTTP",
                "timeout": 10,
                "unhealthy_threshold": 2
              }
            ],
            "id": "arn:aws:elasticloadbalancing:eu-central-1:174422293245:targetgroup/tg-nginx2/a403665a85723f82",
            "ip_address_type": "ipv4",
            "lambda_multi_value_headers_enabled": false,
            "load_balancing_algorithm_type": "round_robin",
            "load_balancing_cross_zone_enabled": "use_load_balancer_configuration",
            "name": "tg-nginx2",
            "name_prefix": null,
            "port": 80,
            "preserve_client_ip": null,
            "protocol": "HTTP",
            "protocol_version": "HTTP1",
            "proxy_protocol_v2": false,
            "slow_start": 0,
            "stickiness": [
              {
                "cookie_duration": 86400,
                "cookie_name": "",
                "enabled": false,
                "type": "lb_cookie"
              }
            ],
            "tags": {},
            "tags_all": {},
            "target_failover": [
              {
                "on_deregistration": null,
                "on_unhealthy": null
              }
            ],
            "target_type": "instance",
            "vpc_id": "vpc-024856f1bdf7f83a6"
          },
          "sensitive_attributes": [],
          "private": "bnVsbA==",
          "dependencies": [
            "aws_vpc.VPC-Terraform"
          ]
        }
      ]
    },
    {
      "mode": "managed",
      "type": "aws_lb_target_group_attachment",
      "name": "tg_attachments",
      "provider": "provider[\"registry.terraform.io/hashicorp/aws\"]",
      "instances": [
        {
          "index_key": 0,
          "schema_version": 0,
          "attributes": {
            "availability_zone": null,
            "id": "arn:aws:elasticloadbalancing:eu-central-1:174422293245:targetgroup/tg-nginx1/69c09b0a946e7a0d-20230824161509358800000003",
            "port": null,
            "target_group_arn": "arn:aws:elasticloadbalancing:eu-central-1:174422293245:targetgroup/tg-nginx1/69c09b0a946e7a0d",
            "target_id": "i-0e8ac51fe807dd9d9"
          },
          "sensitive_attributes": [],
          "private": "bnVsbA==",
          "dependencies": [
            "aws_instance.private_instances",
            "aws_key_pair.instance_keys",
            "aws_lb_target_group.tg-nginx",
            "aws_security_group.private_subnet_sg",
            "aws_subnet.private_subnets"
          ]
        },
        {
          "index_key": 1,
          "schema_version": 0,
          "attributes": {
            "availability_zone": null,
            "id": "arn:aws:elasticloadbalancing:eu-central-1:174422293245:targetgroup/tg-nginx2/a403665a85723f82-20230824161509392600000004",
            "port": null,
            "target_group_arn": "arn:aws:elasticloadbalancing:eu-central-1:174422293245:targetgroup/tg-nginx2/a403665a85723f82",
            "target_id": "i-0636f7db810f8281f"
          },
          "sensitive_attributes": [],
          "private": "bnVsbA==",
          "dependencies": [
            "aws_instance.private_instances",
            "aws_key_pair.instance_keys",
            "aws_lb_target_group.tg-nginx",
            "aws_security_group.private_subnet_sg",
            "aws_subnet.private_subnets"
          ]
        }
      ]
    },
    {
      "mode": "managed",
      "type": "aws_nat_gateway",
      "name": "nat_gateways",
      "provider": "provider[\"registry.terraform.io/hashicorp/aws\"]",
      "instances": [
        {
          "index_key": 0,
          "schema_version": 0,
          "attributes": {
            "allocation_id": "eipalloc-00ed2f9514086c65e",
            "association_id": "eipassoc-032a8e4c724540ba3",
            "connectivity_type": "public",
            "id": "nat-07495c6d92d20513d",
            "network_interface_id": "eni-0405cc6840e124314",
            "private_ip": "10.0.1.234",
            "public_ip": "3.78.88.231",
            "secondary_allocation_ids": [],
            "secondary_private_ip_address_count": 0,
            "secondary_private_ip_addresses": [],
            "subnet_id": "subnet-08d3e5ed389f393a2",
            "tags": {
              "Name": "NAT Gateway 1"
            },
            "tags_all": {
              "Name": "NAT Gateway 1"
            },
            "timeouts": null
          },
          "sensitive_attributes": [],
          "private": "bnVsbA==",
          "dependencies": [
            "aws_eip.nat_eips",
            "aws_subnet.public_subnets",
            "aws_vpc.VPC-Terraform"
          ]
        },
        {
          "index_key": 1,
          "schema_version": 0,
          "attributes": {
            "allocation_id": "eipalloc-0f5b84c5ce8438ce3",
            "association_id": "eipassoc-0732afc7c3eae36db",
            "connectivity_type": "public",
            "id": "nat-046f4ebe795042b9e",
            "network_interface_id": "eni-09220698593195735",
            "private_ip": "10.0.2.68",
            "public_ip": "3.66.97.7",
            "secondary_allocation_ids": [],
            "secondary_private_ip_address_count": 0,
            "secondary_private_ip_addresses": [],
            "subnet_id": "subnet-07a0583461d2975b4",
            "tags": {
              "Name": "NAT Gateway 2"
            },
            "tags_all": {
              "Name": "NAT Gateway 2"
            },
            "timeouts": null
          },
          "sensitive_attributes": [],
          "private": "bnVsbA==",
          "dependencies": [
            "aws_eip.nat_eips",
            "aws_subnet.public_subnets",
            "aws_vpc.VPC-Terraform"
          ]
        }
      ]
    },
    {
      "mode": "managed",
      "type": "aws_route_table",
      "name": "r",
      "provider": "provider[\"registry.terraform.io/hashicorp/aws\"]",
      "instances": [
        {
          "schema_version": 0,
          "attributes": {
            "arn": "arn:aws:ec2:eu-central-1:174422293245:route-table/rtb-060aaa50dc3d49e90",
            "id": "rtb-060aaa50dc3d49e90",
            "owner_id": "174422293245",
            "propagating_vgws": [],
            "route": [
              {
                "carrier_gateway_id": "",
                "cidr_block": "0.0.0.0/0",
                "core_network_arn": "",
                "destination_prefix_list_id": "",
                "egress_only_gateway_id": "",
                "gateway_id": "igw-09116d37f2ca2c95a",
                "ipv6_cidr_block": "",
                "local_gateway_id": "",
                "nat_gateway_id": "",
                "network_interface_id": "",
                "transit_gateway_id": "",
                "vpc_endpoint_id": "",
                "vpc_peering_connection_id": ""
              }
            ],
            "tags": {
              "Name": "r"
            },
            "tags_all": {
              "Name": "r"
            },
            "timeouts": null,
            "vpc_id": "vpc-024856f1bdf7f83a6"
          },
          "sensitive_attributes": [],
          "private": "eyJlMmJmYjczMC1lY2FhLTExZTYtOGY4OC0zNDM2M2JjN2M0YzAiOnsiY3JlYXRlIjozMDAwMDAwMDAwMDAsImRlbGV0ZSI6MzAwMDAwMDAwMDAwLCJ1cGRhdGUiOjEyMDAwMDAwMDAwMH19",
          "dependencies": [
            "aws_internet_gateway.gw",
            "aws_vpc.VPC-Terraform"
          ]
        }
      ]
    },
    {
      "mode": "managed",
      "type": "aws_route_table",
      "name": "r_nat",
      "provider": "provider[\"registry.terraform.io/hashicorp/aws\"]",
      "instances": [
        {
          "index_key": 0,
          "schema_version": 0,
          "attributes": {
            "arn": "arn:aws:ec2:eu-central-1:174422293245:route-table/rtb-0d6c8cfe4e0720330",
            "id": "rtb-0d6c8cfe4e0720330",
            "owner_id": "174422293245",
            "propagating_vgws": [],
            "route": [
              {
                "carrier_gateway_id": "",
                "cidr_block": "0.0.0.0/0",
                "core_network_arn": "",
                "destination_prefix_list_id": "",
                "egress_only_gateway_id": "",
                "gateway_id": "nat-07495c6d92d20513d",
                "ipv6_cidr_block": "",
                "local_gateway_id": "",
                "nat_gateway_id": "",
                "network_interface_id": "",
                "transit_gateway_id": "",
                "vpc_endpoint_id": "",
                "vpc_peering_connection_id": ""
              }
            ],
            "tags": {
              "Name": "route table private nat"
            },
            "tags_all": {
              "Name": "route table private nat"
            },
            "timeouts": null,
            "vpc_id": "vpc-024856f1bdf7f83a6"
          },
          "sensitive_attributes": [],
          "private": "eyJlMmJmYjczMC1lY2FhLTExZTYtOGY4OC0zNDM2M2JjN2M0YzAiOnsiY3JlYXRlIjozMDAwMDAwMDAwMDAsImRlbGV0ZSI6MzAwMDAwMDAwMDAwLCJ1cGRhdGUiOjEyMDAwMDAwMDAwMH19",
          "dependencies": [
            "aws_nat_gateway.nat_gateways",
            "aws_vpc.VPC-Terraform"
          ]
        },
        {
          "index_key": 1,
          "schema_version": 0,
          "attributes": {
            "arn": "arn:aws:ec2:eu-central-1:174422293245:route-table/rtb-02bc351c74901f56d",
            "id": "rtb-02bc351c74901f56d",
            "owner_id": "174422293245",
            "propagating_vgws": [],
            "route": [
              {
                "carrier_gateway_id": "",
                "cidr_block": "0.0.0.0/0",
                "core_network_arn": "",
                "destination_prefix_list_id": "",
                "egress_only_gateway_id": "",
                "gateway_id": "nat-046f4ebe795042b9e",
                "ipv6_cidr_block": "",
                "local_gateway_id": "",
                "nat_gateway_id": "",
                "network_interface_id": "",
                "transit_gateway_id": "",
                "vpc_endpoint_id": "",
                "vpc_peering_connection_id": ""
              }
            ],
            "tags": {
              "Name": "route table private nat"
            },
            "tags_all": {
              "Name": "route table private nat"
            },
            "timeouts": null,
            "vpc_id": "vpc-024856f1bdf7f83a6"
          },
          "sensitive_attributes": [],
          "private": "eyJlMmJmYjczMC1lY2FhLTExZTYtOGY4OC0zNDM2M2JjN2M0YzAiOnsiY3JlYXRlIjozMDAwMDAwMDAwMDAsImRlbGV0ZSI6MzAwMDAwMDAwMDAwLCJ1cGRhdGUiOjEyMDAwMDAwMDAwMH19",
          "dependencies": [
            "aws_nat_gateway.nat_gateways",
            "aws_vpc.VPC-Terraform"
          ]
        }
      ]
    },
    {
      "mode": "managed",
      "type": "aws_route_table_association",
      "name": "a",
      "provider": "provider[\"registry.terraform.io/hashicorp/aws\"]",
      "instances": [
        {
          "index_key": 0,
          "schema_version": 0,
          "attributes": {
            "gateway_id": "",
            "id": "rtbassoc-06a48a2d736daca22",
            "route_table_id": "rtb-060aaa50dc3d49e90",
            "subnet_id": "subnet-08d3e5ed389f393a2",
            "timeouts": null
          },
          "sensitive_attributes": [],
          "private": "eyJlMmJmYjczMC1lY2FhLTExZTYtOGY4OC0zNDM2M2JjN2M0YzAiOnsiY3JlYXRlIjozMDAwMDAwMDAwMDAsImRlbGV0ZSI6MzAwMDAwMDAwMDAwLCJ1cGRhdGUiOjEyMDAwMDAwMDAwMH19",
          "dependencies": [
            "aws_internet_gateway.gw",
            "aws_route_table.r",
            "aws_subnet.public_subnets",
            "aws_vpc.VPC-Terraform"
          ]
        },
        {
          "index_key": 1,
          "schema_version": 0,
          "attributes": {
            "gateway_id": "",
            "id": "rtbassoc-0688ca32db5327d1e",
            "route_table_id": "rtb-060aaa50dc3d49e90",
            "subnet_id": "subnet-07a0583461d2975b4",
            "timeouts": null
          },
          "sensitive_attributes": [],
          "private": "eyJlMmJmYjczMC1lY2FhLTExZTYtOGY4OC0zNDM2M2JjN2M0YzAiOnsiY3JlYXRlIjozMDAwMDAwMDAwMDAsImRlbGV0ZSI6MzAwMDAwMDAwMDAwLCJ1cGRhdGUiOjEyMDAwMDAwMDAwMH19",
          "dependencies": [
            "aws_internet_gateway.gw",
            "aws_route_table.r",
            "aws_subnet.public_subnets",
            "aws_vpc.VPC-Terraform"
          ]
        }
      ]
    },
    {
      "mode": "managed",
      "type": "aws_route_table_association",
      "name": "nat_private",
      "provider": "provider[\"registry.terraform.io/hashicorp/aws\"]",
      "instances": [
        {
          "index_key": 0,
          "schema_version": 0,
          "attributes": {
            "gateway_id": "",
            "id": "rtbassoc-0bba2a2329cebc54b",
            "route_table_id": "rtb-0d6c8cfe4e0720330",
            "subnet_id": "subnet-02cb9716f1ea78a2a",
            "timeouts": null
          },
          "sensitive_attributes": [],
          "private": "eyJlMmJmYjczMC1lY2FhLTExZTYtOGY4OC0zNDM2M2JjN2M0YzAiOnsiY3JlYXRlIjozMDAwMDAwMDAwMDAsImRlbGV0ZSI6MzAwMDAwMDAwMDAwLCJ1cGRhdGUiOjEyMDAwMDAwMDAwMH19",
          "dependencies": [
            "aws_eip.nat_eips",
            "aws_nat_gateway.nat_gateways",
            "aws_route_table.r_nat",
            "aws_subnet.private_subnets",
            "aws_subnet.public_subnets",
            "aws_vpc.VPC-Terraform"
          ]
        },
        {
          "index_key": 1,
          "schema_version": 0,
          "attributes": {
            "gateway_id": "",
            "id": "rtbassoc-0028b53b69f918242",
            "route_table_id": "rtb-02bc351c74901f56d",
            "subnet_id": "subnet-0cc804a83c62a72a2",
            "timeouts": null
          },
          "sensitive_attributes": [],
          "private": "eyJlMmJmYjczMC1lY2FhLTExZTYtOGY4OC0zNDM2M2JjN2M0YzAiOnsiY3JlYXRlIjozMDAwMDAwMDAwMDAsImRlbGV0ZSI6MzAwMDAwMDAwMDAwLCJ1cGRhdGUiOjEyMDAwMDAwMDAwMH19",
          "dependencies": [
            "aws_eip.nat_eips",
            "aws_nat_gateway.nat_gateways",
            "aws_route_table.r_nat",
            "aws_subnet.private_subnets",
            "aws_subnet.public_subnets",
            "aws_vpc.VPC-Terraform"
          ]
        }
      ]
    },
    {
      "mode": "managed",
      "type": "aws_security_group",
      "name": "instance_connect_sg",
      "provider": "provider[\"registry.terraform.io/hashicorp/aws\"]",
      "instances": [
        {
          "schema_version": 1,
          "attributes": {
            "arn": "arn:aws:ec2:eu-central-1:174422293245:security-group/sg-08b46ed6f30b653ff",
            "description": "Security Group for Instance Connect Endpoint",
            "egress": [
              {
                "cidr_blocks": [],
                "description": "",
                "from_port": 22,
                "ipv6_cidr_blocks": [],
                "prefix_list_ids": [],
                "protocol": "tcp",
                "security_groups": [
                  "sg-0a2187c495e0bfd77",
                  "sg-0eddef4d545597181"
                ],
                "self": false,
                "to_port": 22
              }
            ],
            "id": "sg-08b46ed6f30b653ff",
            "ingress": [
              {
                "cidr_blocks": [
                  "0.0.0.0/0"
                ],
                "description": "",
                "from_port": 0,
                "ipv6_cidr_blocks": [],
                "prefix_list_ids": [],
                "protocol": "-1",
                "security_groups": [],
                "self": false,
                "to_port": 0
              }
            ],
            "name": "InstanceConnectSG-20230824075411097500000001",
            "name_prefix": "InstanceConnectSG-",
            "owner_id": "174422293245",
            "revoke_rules_on_delete": false,
            "tags": {},
            "tags_all": {},
            "timeouts": null,
            "vpc_id": "vpc-024856f1bdf7f83a6"
          },
          "sensitive_attributes": [],
          "private": "eyJlMmJmYjczMC1lY2FhLTExZTYtOGY4OC0zNDM2M2JjN2M0YzAiOnsiY3JlYXRlIjo2MDAwMDAwMDAwMDAsImRlbGV0ZSI6OTAwMDAwMDAwMDAwfSwic2NoZW1hX3ZlcnNpb24iOiIxIn0=",
          "dependencies": [
            "aws_vpc.VPC-Terraform"
          ]
        }
      ]
    },
    {
      "mode": "managed",
      "type": "aws_security_group",
      "name": "lba_sg",
      "provider": "provider[\"registry.terraform.io/hashicorp/aws\"]",
      "instances": [
        {
          "schema_version": 1,
          "attributes": {
            "arn": "arn:aws:ec2:eu-central-1:174422293245:security-group/sg-08cf340ceaf6d8645",
            "description": "Managed by Terraform",
            "egress": [
              {
                "cidr_blocks": [],
                "description": "",
                "from_port": 80,
                "ipv6_cidr_blocks": [],
                "prefix_list_ids": [],
                "protocol": "tcp",
                "security_groups": [
                  "sg-0a2187c495e0bfd77",
                  "sg-0eddef4d545597181"
                ],
                "self": false,
                "to_port": 80
              }
            ],
            "id": "sg-08cf340ceaf6d8645",
            "ingress": [
              {
                "cidr_blocks": [
                  "0.0.0.0/0"
                ],
                "description": "",
                "from_port": 0,
                "ipv6_cidr_blocks": [],
                "prefix_list_ids": [],
                "protocol": "-1",
                "security_groups": [],
                "self": false,
                "to_port": 0
              }
            ],
            "name": "terraform-20230824144435742800000001",
            "name_prefix": "terraform-",
            "owner_id": "174422293245",
            "revoke_rules_on_delete": false,
            "tags": {},
            "tags_all": {},
            "timeouts": null,
            "vpc_id": "vpc-024856f1bdf7f83a6"
          },
          "sensitive_attributes": [],
          "private": "eyJlMmJmYjczMC1lY2FhLTExZTYtOGY4OC0zNDM2M2JjN2M0YzAiOnsiY3JlYXRlIjo2MDAwMDAwMDAwMDAsImRlbGV0ZSI6OTAwMDAwMDAwMDAwfSwic2NoZW1hX3ZlcnNpb24iOiIxIn0=",
          "dependencies": [
            "aws_security_group.instance_connect_sg",
            "aws_security_group.private_subnet_sg",
            "aws_vpc.VPC-Terraform"
          ]
        }
      ]
    },
    {
      "mode": "managed",
      "type": "aws_security_group",
      "name": "private_subnet_sg",
      "provider": "provider[\"registry.terraform.io/hashicorp/aws\"]",
      "instances": [
        {
          "index_key": 0,
          "schema_version": 1,
          "attributes": {
            "arn": "arn:aws:ec2:eu-central-1:174422293245:security-group/sg-0a2187c495e0bfd77",
            "description": "Security Group for Private Subnet 1",
            "egress": [
              {
                "cidr_blocks": [
                  "0.0.0.0/0"
                ],
                "description": "",
                "from_port": 0,
                "ipv6_cidr_blocks": [],
                "prefix_list_ids": [],
                "protocol": "-1",
                "security_groups": [],
                "self": false,
                "to_port": 0
              }
            ],
            "id": "sg-0a2187c495e0bfd77",
            "ingress": [
              {
                "cidr_blocks": [],
                "description": "",
                "from_port": 22,
                "ipv6_cidr_blocks": [],
                "prefix_list_ids": [],
                "protocol": "tcp",
                "security_groups": [
                  "sg-08b46ed6f30b653ff"
                ],
                "self": false,
                "to_port": 22
              }
            ],
            "name": "private-sg-1",
            "name_prefix": "",
            "owner_id": "174422293245",
            "revoke_rules_on_delete": false,
            "tags": {},
            "tags_all": {},
            "timeouts": null,
            "vpc_id": "vpc-024856f1bdf7f83a6"
          },
          "sensitive_attributes": [],
          "private": "eyJlMmJmYjczMC1lY2FhLTExZTYtOGY4OC0zNDM2M2JjN2M0YzAiOnsiY3JlYXRlIjo2MDAwMDAwMDAwMDAsImRlbGV0ZSI6OTAwMDAwMDAwMDAwfSwic2NoZW1hX3ZlcnNpb24iOiIxIn0=",
          "dependencies": [
            "aws_security_group.instance_connect_sg",
            "aws_vpc.VPC-Terraform"
          ]
        },
        {
          "index_key": 1,
          "schema_version": 1,
          "attributes": {
            "arn": "arn:aws:ec2:eu-central-1:174422293245:security-group/sg-0eddef4d545597181",
            "description": "Security Group for Private Subnet 2",
            "egress": [
              {
                "cidr_blocks": [
                  "0.0.0.0/0"
                ],
                "description": "",
                "from_port": 0,
                "ipv6_cidr_blocks": [],
                "prefix_list_ids": [],
                "protocol": "-1",
                "security_groups": [],
                "self": false,
                "to_port": 0
              }
            ],
            "id": "sg-0eddef4d545597181",
            "ingress": [
              {
                "cidr_blocks": [],
                "description": "",
                "from_port": 22,
                "ipv6_cidr_blocks": [],
                "prefix_list_ids": [],
                "protocol": "tcp",
                "security_groups": [
                  "sg-08b46ed6f30b653ff"
                ],
                "self": false,
                "to_port": 22
              }
            ],
            "name": "private-sg-2",
            "name_prefix": "",
            "owner_id": "174422293245",
            "revoke_rules_on_delete": false,
            "tags": {},
            "tags_all": {},
            "timeouts": null,
            "vpc_id": "vpc-024856f1bdf7f83a6"
          },
          "sensitive_attributes": [],
          "private": "eyJlMmJmYjczMC1lY2FhLTExZTYtOGY4OC0zNDM2M2JjN2M0YzAiOnsiY3JlYXRlIjo2MDAwMDAwMDAwMDAsImRlbGV0ZSI6OTAwMDAwMDAwMDAwfSwic2NoZW1hX3ZlcnNpb24iOiIxIn0=",
          "dependencies": [
            "aws_security_group.instance_connect_sg",
            "aws_vpc.VPC-Terraform"
          ]
        }
      ]
    },
    {
      "mode": "managed",
      "type": "aws_security_group_rule",
      "name": "allow_inbound_from_lba",
      "provider": "provider[\"registry.terraform.io/hashicorp/aws\"]",
      "instances": [
        {
          "index_key": 0,
          "schema_version": 2,
          "attributes": {
            "cidr_blocks": null,
            "description": null,
            "from_port": 80,
            "id": "sgrule-1398052893",
            "ipv6_cidr_blocks": null,
            "prefix_list_ids": null,
            "protocol": "tcp",
            "security_group_id": "sg-0a2187c495e0bfd77",
            "security_group_rule_id": "sgr-0b3f00fd998d01eb0",
            "self": false,
            "source_security_group_id": "sg-08cf340ceaf6d8645",
            "timeouts": null,
            "to_port": 80,
            "type": "ingress"
          },
          "sensitive_attributes": [],
          "private": "eyJlMmJmYjczMC1lY2FhLTExZTYtOGY4OC0zNDM2M2JjN2M0YzAiOnsiY3JlYXRlIjozMDAwMDAwMDAwMDB9LCJzY2hlbWFfdmVyc2lvbiI6IjIifQ==",
          "dependencies": [
            "aws_security_group.lba_sg",
            "aws_security_group.private_subnet_sg"
          ]
        },
        {
          "index_key": 1,
          "schema_version": 2,
          "attributes": {
            "cidr_blocks": null,
            "description": null,
            "from_port": 80,
            "id": "sgrule-1858067537",
            "ipv6_cidr_blocks": null,
            "prefix_list_ids": null,
            "protocol": "tcp",
            "security_group_id": "sg-0eddef4d545597181",
            "security_group_rule_id": "sgr-0e02d719056318696",
            "self": false,
            "source_security_group_id": "sg-08cf340ceaf6d8645",
            "timeouts": null,
            "to_port": 80,
            "type": "ingress"
          },
          "sensitive_attributes": [],
          "private": "eyJlMmJmYjczMC1lY2FhLTExZTYtOGY4OC0zNDM2M2JjN2M0YzAiOnsiY3JlYXRlIjozMDAwMDAwMDAwMDB9LCJzY2hlbWFfdmVyc2lvbiI6IjIifQ==",
          "dependencies": [
            "aws_security_group.lba_sg",
            "aws_security_group.private_subnet_sg"
          ]
        }
      ]
    },
    {
      "mode": "managed",
      "type": "aws_security_group_rule",
      "name": "allow_outbound_ssh_rule",
      "provider": "provider[\"registry.terraform.io/hashicorp/aws\"]",
      "instances": [
        {
          "index_key": 0,
          "schema_version": 2,
          "attributes": {
            "cidr_blocks": null,
            "description": "",
            "from_port": 22,
            "id": "sgrule-4231118965",
            "ipv6_cidr_blocks": null,
            "prefix_list_ids": null,
            "protocol": "tcp",
            "security_group_id": "sg-08b46ed6f30b653ff",
            "security_group_rule_id": "sgr-0266c80036483a95d",
            "self": false,
            "source_security_group_id": "sg-0a2187c495e0bfd77",
            "timeouts": null,
            "to_port": 22,
            "type": "egress"
          },
          "sensitive_attributes": [],
          "private": "eyJlMmJmYjczMC1lY2FhLTExZTYtOGY4OC0zNDM2M2JjN2M0YzAiOnsiY3JlYXRlIjozMDAwMDAwMDAwMDB9LCJzY2hlbWFfdmVyc2lvbiI6IjIifQ==",
          "dependencies": [
            "aws_security_group.instance_connect_sg",
            "aws_security_group.private_subnet_sg",
            "aws_vpc.VPC-Terraform"
          ]
        },
        {
          "index_key": 1,
          "schema_version": 2,
          "attributes": {
            "cidr_blocks": null,
            "description": "",
            "from_port": 22,
            "id": "sgrule-3185337051",
            "ipv6_cidr_blocks": null,
            "prefix_list_ids": null,
            "protocol": "tcp",
            "security_group_id": "sg-08b46ed6f30b653ff",
            "security_group_rule_id": "sgr-05213be9f4c2aa4f8",
            "self": false,
            "source_security_group_id": "sg-0eddef4d545597181",
            "timeouts": null,
            "to_port": 22,
            "type": "egress"
          },
          "sensitive_attributes": [],
          "private": "eyJlMmJmYjczMC1lY2FhLTExZTYtOGY4OC0zNDM2M2JjN2M0YzAiOnsiY3JlYXRlIjozMDAwMDAwMDAwMDB9LCJzY2hlbWFfdmVyc2lvbiI6IjIifQ==",
          "dependencies": [
            "aws_security_group.instance_connect_sg",
            "aws_security_group.private_subnet_sg",
            "aws_vpc.VPC-Terraform"
          ]
        }
      ]
    },
    {
      "mode": "managed",
      "type": "aws_subnet",
      "name": "private_subnets",
      "provider": "provider[\"registry.terraform.io/hashicorp/aws\"]",
      "instances": [
        {
          "index_key": 0,
          "schema_version": 1,
          "attributes": {
            "arn": "arn:aws:ec2:eu-central-1:174422293245:subnet/subnet-02cb9716f1ea78a2a",
            "assign_ipv6_address_on_creation": false,
            "availability_zone": "eu-central-1a",
            "availability_zone_id": "euc1-az2",
            "cidr_block": "10.0.3.0/24",
            "customer_owned_ipv4_pool": "",
            "enable_dns64": false,
            "enable_lni_at_device_index": 0,
            "enable_resource_name_dns_a_record_on_launch": false,
            "enable_resource_name_dns_aaaa_record_on_launch": false,
            "id": "subnet-02cb9716f1ea78a2a",
            "ipv6_cidr_block": "",
            "ipv6_cidr_block_association_id": "",
            "ipv6_native": false,
            "map_customer_owned_ip_on_launch": false,
            "map_public_ip_on_launch": true,
            "outpost_arn": "",
            "owner_id": "174422293245",
            "private_dns_hostname_type_on_launch": "ip-name",
            "tags": {
              "Name": "Private Subnet 1"
            },
            "tags_all": {
              "Name": "Private Subnet 1"
            },
            "timeouts": null,
            "vpc_id": "vpc-024856f1bdf7f83a6"
          },
          "sensitive_attributes": [],
          "private": "eyJlMmJmYjczMC1lY2FhLTExZTYtOGY4OC0zNDM2M2JjN2M0YzAiOnsiY3JlYXRlIjo2MDAwMDAwMDAwMDAsImRlbGV0ZSI6MTIwMDAwMDAwMDAwMH0sInNjaGVtYV92ZXJzaW9uIjoiMSJ9",
          "dependencies": [
            "aws_vpc.VPC-Terraform"
          ]
        },
        {
          "index_key": 1,
          "schema_version": 1,
          "attributes": {
            "arn": "arn:aws:ec2:eu-central-1:174422293245:subnet/subnet-0cc804a83c62a72a2",
            "assign_ipv6_address_on_creation": false,
            "availability_zone": "eu-central-1b",
            "availability_zone_id": "euc1-az3",
            "cidr_block": "10.0.4.0/24",
            "customer_owned_ipv4_pool": "",
            "enable_dns64": false,
            "enable_lni_at_device_index": 0,
            "enable_resource_name_dns_a_record_on_launch": false,
            "enable_resource_name_dns_aaaa_record_on_launch": false,
            "id": "subnet-0cc804a83c62a72a2",
            "ipv6_cidr_block": "",
            "ipv6_cidr_block_association_id": "",
            "ipv6_native": false,
            "map_customer_owned_ip_on_launch": false,
            "map_public_ip_on_launch": true,
            "outpost_arn": "",
            "owner_id": "174422293245",
            "private_dns_hostname_type_on_launch": "ip-name",
            "tags": {
              "Name": "Private Subnet 2"
            },
            "tags_all": {
              "Name": "Private Subnet 2"
            },
            "timeouts": null,
            "vpc_id": "vpc-024856f1bdf7f83a6"
          },
          "sensitive_attributes": [],
          "private": "eyJlMmJmYjczMC1lY2FhLTExZTYtOGY4OC0zNDM2M2JjN2M0YzAiOnsiY3JlYXRlIjo2MDAwMDAwMDAwMDAsImRlbGV0ZSI6MTIwMDAwMDAwMDAwMH0sInNjaGVtYV92ZXJzaW9uIjoiMSJ9",
          "dependencies": [
            "aws_vpc.VPC-Terraform"
          ]
        }
      ]
    },
    {
      "mode": "managed",
      "type": "aws_subnet",
      "name": "public_subnets",
      "provider": "provider[\"registry.terraform.io/hashicorp/aws\"]",
      "instances": [
        {
          "index_key": 0,
          "schema_version": 1,
          "attributes": {
            "arn": "arn:aws:ec2:eu-central-1:174422293245:subnet/subnet-08d3e5ed389f393a2",
            "assign_ipv6_address_on_creation": false,
            "availability_zone": "eu-central-1a",
            "availability_zone_id": "euc1-az2",
            "cidr_block": "10.0.1.0/24",
            "customer_owned_ipv4_pool": "",
            "enable_dns64": false,
            "enable_lni_at_device_index": 0,
            "enable_resource_name_dns_a_record_on_launch": false,
            "enable_resource_name_dns_aaaa_record_on_launch": false,
            "id": "subnet-08d3e5ed389f393a2",
            "ipv6_cidr_block": "",
            "ipv6_cidr_block_association_id": "",
            "ipv6_native": false,
            "map_customer_owned_ip_on_launch": false,
            "map_public_ip_on_launch": true,
            "outpost_arn": "",
            "owner_id": "174422293245",
            "private_dns_hostname_type_on_launch": "ip-name",
            "tags": {
              "Name": "Public Subnet 1"
            },
            "tags_all": {
              "Name": "Public Subnet 1"
            },
            "timeouts": null,
            "vpc_id": "vpc-024856f1bdf7f83a6"
          },
          "sensitive_attributes": [],
          "private": "eyJlMmJmYjczMC1lY2FhLTExZTYtOGY4OC0zNDM2M2JjN2M0YzAiOnsiY3JlYXRlIjo2MDAwMDAwMDAwMDAsImRlbGV0ZSI6MTIwMDAwMDAwMDAwMH0sInNjaGVtYV92ZXJzaW9uIjoiMSJ9",
          "dependencies": [
            "aws_vpc.VPC-Terraform"
          ]
        },
        {
          "index_key": 1,
          "schema_version": 1,
          "attributes": {
            "arn": "arn:aws:ec2:eu-central-1:174422293245:subnet/subnet-07a0583461d2975b4",
            "assign_ipv6_address_on_creation": false,
            "availability_zone": "eu-central-1b",
            "availability_zone_id": "euc1-az3",
            "cidr_block": "10.0.2.0/24",
            "customer_owned_ipv4_pool": "",
            "enable_dns64": false,
            "enable_lni_at_device_index": 0,
            "enable_resource_name_dns_a_record_on_launch": false,
            "enable_resource_name_dns_aaaa_record_on_launch": false,
            "id": "subnet-07a0583461d2975b4",
            "ipv6_cidr_block": "",
            "ipv6_cidr_block_association_id": "",
            "ipv6_native": false,
            "map_customer_owned_ip_on_launch": false,
            "map_public_ip_on_launch": true,
            "outpost_arn": "",
            "owner_id": "174422293245",
            "private_dns_hostname_type_on_launch": "ip-name",
            "tags": {
              "Name": "Public Subnet 2"
            },
            "tags_all": {
              "Name": "Public Subnet 2"
            },
            "timeouts": null,
            "vpc_id": "vpc-024856f1bdf7f83a6"
          },
          "sensitive_attributes": [],
          "private": "eyJlMmJmYjczMC1lY2FhLTExZTYtOGY4OC0zNDM2M2JjN2M0YzAiOnsiY3JlYXRlIjo2MDAwMDAwMDAwMDAsImRlbGV0ZSI6MTIwMDAwMDAwMDAwMH0sInNjaGVtYV92ZXJzaW9uIjoiMSJ9",
          "dependencies": [
            "aws_vpc.VPC-Terraform"
          ]
        }
      ]
    },
    {
      "mode": "managed",
      "type": "aws_vpc",
      "name": "VPC-Terraform",
      "provider": "provider[\"registry.terraform.io/hashicorp/aws\"]",
      "instances": [
        {
          "schema_version": 1,
          "attributes": {
            "arn": "arn:aws:ec2:eu-central-1:174422293245:vpc/vpc-024856f1bdf7f83a6",
            "assign_generated_ipv6_cidr_block": false,
            "cidr_block": "10.0.0.0/16",
            "default_network_acl_id": "acl-0f02619fb7999b5e6",
            "default_route_table_id": "rtb-054f50c97288d15f8",
            "default_security_group_id": "sg-0c147b4df694b2760",
            "dhcp_options_id": "dopt-075457ae043128a19",
            "enable_dns_hostnames": true,
            "enable_dns_support": true,
            "enable_network_address_usage_metrics": false,
            "id": "vpc-024856f1bdf7f83a6",
            "instance_tenancy": "default",
            "ipv4_ipam_pool_id": null,
            "ipv4_netmask_length": null,
            "ipv6_association_id": "",
            "ipv6_cidr_block": "",
            "ipv6_cidr_block_network_border_group": "",
            "ipv6_ipam_pool_id": "",
            "ipv6_netmask_length": 0,
            "main_route_table_id": "rtb-054f50c97288d15f8",
            "owner_id": "174422293245",
            "tags": {
              "Name": "VPC-Terraform"
            },
            "tags_all": {
              "Name": "VPC-Terraform"
            }
          },
          "sensitive_attributes": [],
          "private": "eyJzY2hlbWFfdmVyc2lvbiI6IjEifQ=="
        }
      ]
    },
    {
      "mode": "managed",
      "type": "local_file",
      "name": "private_keys",
      "provider": "provider[\"registry.terraform.io/hashicorp/local\"]",
      "instances": [
        {
          "index_key": 0,
          "schema_version": 0,
          "attributes": {
            "content": "-----BEGIN RSA PRIVATE KEY-----\nMIIJKQIBAAKCAgEA5+QnANYPUCF5s0YH2irrstb28LcxrTYw51l1zBlAqUv0brBN\n9YsZ38wfL3jSgXfG43bFiTTx2flSgZ6XbYMi9JoyEMVBGv1/cKvhRkr2vvTd0Qs7\nCgIzjAnEhCMK280eLoS3pVHd+srqRfD3zuWMszItyE2DERu3o+3JQ0ue/jcFE7aM\nu0tuBxzldFWI5wNqxq5phDVVURkBP1U4hdQr/reYeDrnnwR/+9egRCiCvWb/+CS5\nQnChuiD1K6qadJmXhdZxB7b6QH6pmbhFSyLQ1sH30zErW3DZjmCTU3sgIf0Mqylz\n5dw67wqTThiMvTis4/cYbR52idjlJ2Xsz1FxMLW2mVjabo0izqKQEsphnRqlmR+F\nigvINZe93AB/eAozlMZqXTPkgn0ULheC0DSsA3wWWoyuiDLwmkQQaMUpzhpLOID5\nppLQS/yuDgKlyOhIrrQwfCITJqDqDTVqyuZ/c7mfYbCiJ3YVRTapqhNuHquGFz9c\nX3JkYA9n4AD7mOlIBX0jI9bqi+u3HJdjhUJt93TDwrcylF3Wg3HCK1fHmMMxuWk5\nJe1fXmimgZAk1xIgbjAhO0hBBY3H7nVOBe3cXzpzhIhueTYZQUXV9+VKbF/vUfAu\nftQiKTBiRaNmlTm4Op3Koq6SOnORUoJaL6SE/VEQXOaft+8g8ynY5TeULLMCAwEA\nAQKCAgEAnOLD7JHmbE0pnDtuBpFxQ16iVTtr1YdLUMo6oyoWkDN+HQEUzWId0Ea2\ndpSkvsj9e1kYzfpPAiznQCC+zG2jUZ+c7bG2mX8WIHF5COigxZK/G7YgbGYO39if\n5tIaf5jnqYtLAANCTnHITCd6ULUHGxmA1fpzCTkaZkLzHp9j4xPwUGT6E6E1wIQx\nTSKta7XpIKBRbQv0O9jR+jo68ngYh81Iz1by66fMuuMoX9SUl3W/CfA2kpfHIzk3\nBiL3OpnLZNYvRIvsBYRsVD7SSsI0ToeOloi2j7fqyKPYKOutUrF0R7zU15fHG4Cp\nJnX/iel1NwousWyhwCNI7f3MWHr+Oy8ysinws79rup6LaX1y5J6EZ18gW+0pT1l0\njNLQETnzbWx3qWEHI5kyQcvefuCjPGOYESEY+mNSriM2Qp3DIhfJqVKpuKfo6bo5\nFLJLtRY8cn6cKveRRRfrpA6sj2dIwMIBQ4eD4EEQ/99l7sQiq2sH6scsrCjuqYfo\nlF/tqLhSEyDaceyQT/Gcz/xdol5UFyesBXZmOyBrjVE7geW9ez/vDLgXjuuK5nGy\nXnVV2q0aQNUv0HVm0qGBGenXI/ySsQN6X/HKrt1wOK0ps6AeHdrfjfF3o9jlj2TH\nTrlZhV/kOjVND7XbwlaW+lsDfHed6W1GF9tCyCRpWKCJFaYuW6kCggEBAP/GDP00\nMDO2J55KvDKeriOzV03dMoWbW3/WY+6P7Ef2A4JJYucSADfDu0BkeiTUrB0QsSB3\nZR8bOqKU+HkXwLxJi7+ttsLI3unTQ9U1CGqPddqON680ynNnLVXNbNqv0myKEcoV\nbySv4pxPHFgDjLqP6V9WozsK2ZAkou3DkiSWq2PHVNUEofYpLHurmVIEr0Y20Bbf\np2DPN6kQG0s4VkOHbLl3JqUmcmJoMpZOMYgUgnBHiqU33Du5hg9gGN1OB9Cn6FM8\nkskDFYULrqwqbMCxgHfIijb8yhz7Aj20TdEf3TD+0t60xhDfE3bzdo/IrOS7gSqj\n7yfVOLs0L5wTMgcCggEBAOgYsNItrFfkQpZfxSGN6EympTi/nwLT9oBW42O0FpHk\nv5y5yQpqf3OFoVLY39DWgn15yjAAOHegLYWAI7KGt2W1x2eStvYNIfCSUCAIFYhA\nbSLr3f186d53Dk3DAu0xNgtlUK5qWzSzBMcujSSNhVbI3ko3Jn61Nv1wvsc8nlni\n5jQ7XJn+RqaMbu0wvlshMFOHtFfL557xMiH2thIAhEUv/0/58ECqZfebr4UHasBv\naeQAYyoEd5qt7Uky/Hnwfa4rx72SYugGhItpAByiHtoeiZN6tFIUbIVR9hD6PnCM\nQEsrJxxaMD+D6x48aRjs1I2dJO/eOfWNRt3Vvo4dVPUCggEABUPJXqjlWRslw59c\nMlqL0RZO9L5Z3OAuyPnbwrxZq72HovXpwEHhmURBJXkr/ngWNt7yFm3+ud4wncod\nNzji8b090Cs+ONIzrHJ50fiufKsJTP9ibAvVIvz7tOlulS3LUgqhhRxd1k58hqUm\nOzWPfwOZVSoOYBfAFLR8WhKNfo1PZ9VhjKT0xIFidgU5ObP4+6QDMoVWB6scRTGc\nrjaxp+Awv7yRIhMhhZ8Jc4iWgmuRp8gBNZdpxBz0gnqC6INDq+rY4GW9y79xgPSV\nmtugs3Kz50NMfQdFDcWo7SY599UFE44bPxRPg2dkGi22wgzqaibl6L/JG3PLICdZ\n14eZnwKCAQEAnSNSXAqmO5+EYbEXk38zfun4xPIfo1eE9iFdtLxR55b7EA5NCetO\nvRUFQ0UoS4lgMbnKZTNRB9T/3PoDsTQ6aPdouTwA+ZesmedFrloq0ePkwBb3Zk8z\nO/ZZTdaxXYvK7m468Mt7UrO9kWl4D/5s/3Ph5Fdwjar9PxwdXmExSOQxPb3PFUet\n58b+t0IgLyzKPlOLi0G3YMomSg5x+MA2zW0Qq8Ipom57uOfELwn1gbIs/Dwy51i8\n7ZHCLKQDgj+Lp+dmRXgd1L/M72I4vCobP0wbkykpesTvMFhsg9QZgDPEt9/QjAaX\n0fjrr73w3fpCclqpjmljzldHWpwDds5vHQKCAQB4YzUmNb1BtF0QFhcuPG0Buiqk\nbUIDVE8QlU6Vowi+qNVYJvSqEzrZQuHn8FbrYWWUjXFaIhhOtxHxtb70sjPVJ9Z9\nyB/MCHrfxuKkolKAuuBfun7v9WDNvcFoxU3Pv00YcBaP8BLBvrb4aKnP71410SQ2\nw3toPHdcln4a2bIiFtqif2OHYy+vOoDukGvvsS2puwgUY1E2GbqhwK0MANO7H5D5\nmdcsrfQvvN2gT6j/IIc6fOt3yxBAnvtVKfUkhs4Hsr7BGeJ3TA0co1b9QO10+Zvm\n6yZ0O6THKTj4KS4GW6m8ohhkD5mP1ELstc4Y3MagQPtxi4hqfqBnT0uS3sRs\n-----END RSA PRIVATE KEY-----\n",
            "content_base64": null,
            "content_base64sha256": "n8h3cPU1eo/Yhgs0baG5o5D92LHz7PgB6RVCswtaSgQ=",
            "content_base64sha512": "T5u1fALgQ1nLQpIbfA/WD5yYk97P8+ktESWL1zk1C0Fc5IL98AqahSjud44g+d/zXzo3X+6+xRN5a/iGCQeChg==",
            "content_md5": "7f2503920de8877ddcbc8df7b019dcbf",
            "content_sha1": "11fa55cac52e4a4bfc6680b3e5333a1fe4d34448",
            "content_sha256": "9fc87770f5357a8fd8860b346da1b9a390fdd8b1f3ecf801e91542b30b5a4a04",
            "content_sha512": "4f9bb57c02e04359cb42921b7c0fd60f9c9893decff3e92d11258bd739350b415ce482fdf00a9a8528ee778e20f9dff35f3a375feebec513796bf88609078286",
            "directory_permission": "0777",
            "file_permission": "400",
            "filename": "private_key1.pem",
            "id": "11fa55cac52e4a4bfc6680b3e5333a1fe4d34448",
            "sensitive_content": null,
            "source": null
          },
          "sensitive_attributes": [
            [
              {
                "type": "get_attr",
                "value": "content"
              }
            ]
          ],
          "dependencies": [
            "tls_private_key.instance_private_keys"
          ]
        },
        {
          "index_key": 1,
          "schema_version": 0,
          "attributes": {
            "content": "-----BEGIN RSA PRIVATE KEY-----\nMIIJKgIBAAKCAgEA8WRNbdTRM/9x02U/agCo6mVsFgW07dKXj2x2/cC3c5ewK+uy\npB7Num/HUKr4G/4wMByVC+7sndE5ig8ETzUkwvA3XQDgqZW8syfHJTfOHv0OX0XJ\nO5KdZX4hgeu+cpgjH1WkRyS26oyVzepxAXm/QM9caHNN6TU8k/mtSsPO6DC+YQRL\nd3D8oynyEmmcrlYxjnDAVqr0FR6hgQfiu/8me1Vwx+FYtBVROjmompCoqo2XB5vw\nFysiFmXmyuDBZevbBVX5R06+XEtNc8DGeBWOdJ4KuHhL4jIg0Ekc6hDJQ7H9Gy53\nJGIPhGFW2rUo/uX8uiNfHkJ0qsuEUQdPyOiDisp6zKIdKbwya0cWy5JTT7Ek+mk8\nNsNl0aUQC9PM9bu40HkSJ4dnMEIldIe1oO3Em8MJttg5EyGKpiPTQNdyU+AoDULV\nVLlds5/95NlZs9/VrqVoP/uomlOEgl87SnADXUJsZcB8DYncRzaGAgtMgkh3MBKn\nulg4VLhHaUKCwWjb+dnD6ZRMVNeNoVnk1ZET7CFK6YhsSeMJ6CNDhCsKR6NbdQeZ\n+7kgpG5VG5GKSiBoqbZkkA1z/KWch4WK5MTKLvwkptgxjfstgejJhMNS2A8W8d4C\nXqEVq6MGwzn80vRvVIQETetXEIh36lzK5l/ju7450pOtWAp4Npu1GY2cNxMCAwEA\nAQKCAgEAxQe+35gnDk9BpG/u++H//hq8x5ju3nPXO70nvuWvl81HggIHtUhjWfrk\n8GYs0ASBZrPdwHjLb+GYGqU5OkHBeNBEEEioGCPde0pLlYhgWRDqyz8WCucYTABQ\n70/yCm09tdTcmylPmFEZ8ZKbnL24KvlWjvcWr/TBNnNETFNZLlKjAmNUCfESdUfG\ni9rihbZbCs3jYJp3UknHP5+lJRgVW/QYcz3vfkYsH99yTH8o/NVHYnGY3gBZ+XhB\nknUzxrJl+ov7RYXzgTgBxyqhlODbfzqEu5+NKNsLx5b13+PFs9izJJ2fp/XWfpJJ\nJ4lZJf2pdHFssTFDMymdHdpe+Dk5K9lRyN4SaZczUFMWtg2iNOnraQC3ACodFFHg\nriEnGAl0q6z228gLQNrVdFqFHhhXdOurWMJ3cdYDb7QohhcnOdeGNCQozJU8eKw+\nC7vLnLzcvcX3MTQ3lWRTZAALyolkjCBBzuPfHMj0mb3B8t89LRSjp/egQudHRw/e\n3iMXm9Z1eca0JxgqH7GytDJa2ogf42vVL727uPlg1oRGwAig8sR00YVyvy4Ipz1k\nuCPoehsaC4sBngF7bhZHYfMT3RY+CYUIQQpcSQCIP4xyg42wlwd02cMczEasIgxg\nV5dtrJaiklEyHW6wf6AfBXx+bBfzyH2umRlsfuOhjzK6yaKUcRECggEBAPvtIAdP\nZ/GAkA6tNRnayop49MigvQ2Y50UGNGmGs6qBlqhI9ss8jVp4sdCN+Gn0d583Ipya\nQ9f4u+b43WToSTB6RXl+n6R7zllXxjKc44EVkDtWWKXS8MP45Y/UXFk4xCXNz228\nUwwLFkONhVVg9jFWQn2p2E8Otx3KmBAktismeTF3DisSjcpCY+Vh6IZcqadaL/Sm\nwSU3c6Fpbc8a2fiNbDCGaFXiK505ISxzxvlsJzcOLUlQj0v4j2d6jiHcNSfdYziU\ntB5yG0P1onRo3zS9Xb+C7R2cG8Hgsuv6n4x3FVQWZfoh1J+OerW7DX3Z1SIDgat8\nzwYE4LbagVQLL7sCggEBAPVLkZ+vDIgPO1uZ8Qhzh+SEnzVmDu6CbxxcBWCmPlAJ\n5TOrcZ/athhZM601QZZUuhujRoAGmZXMto8le+sJQmIS+tfUexki+LxjKxSZwGXn\nGsnHXbFN4CMQlLXxe2d/ICP3PvFzj7UNMgdpaCj45Je5x5AyBTP/jX+8afhQRp8R\nNZQ0nSNqgYWQxsF75Dx/y7/5yn/wBJlYuiv2T88vFeQohuS7xld++goSxwlszEUS\nuzjEY6Q3QtN4z5hOHuR1j1fGgCA0+yXAKY0ph0Yy1Jxd0BfmhmLs77XMVlbgC53X\nXVysXPyB2x3aSCO9GtoHLjErrHsRkM2V3qhUXUS2RIkCggEBAKxdyZQ22D98XxQr\nnjFaaUnlCFZc4/zxqQqo/CNXboYytAngIjtb6rsD6WVwPY8BHPdqmdvcEJ8sKCQY\nEiKAa9MnVXGTGVdI/h5S1+C5R0+CmXR/15ddhC4Rlb+a5LSHCm1zK4FBYPDUhR8j\nLR8FgGyxQD0KgF1XDCLuAqzI8XsEj9cwRhliUHEai47eNmH39Hv0UOtrTKtSDWNa\n5y7UiF5vJJ7u12QrovunovLvJCxzu0EICiQnYmPwZO3ABI9WQ2hLKSAFXleWauFM\npyJOvqkvB32I7wNbVAKK4uBiUdehgo5N5OgHTZr9uSeuG8UHzbPAAnB6rIrJu5Zg\nWixOmxECggEBAJIbHPY8Uf6I9BYvr34VMpBO3nX0AFjYoE4IEbvryZnrCvan29oX\nb/c4yqsU2agtd10W99syEzFC6kqBTTpGHaBFJdyA14G1burnNrXijtMjwLUHZytA\n84xvR+THnXWcJwzFLFytNJ/m6DG5+yzMc3xcUB33bVn3kdTP6V7akfYVThCk9iQu\nQE/KWFjO7reKd1Y19wQVdufQDbQ51nfV1/g6m36Kyi07mLt/S8a1Y0aRTasWbzNV\nJxzHDP/vKD90NplVxuNoK1/lAdrvLYAGrtUkm9pgmRM7hdyHhbXhZYnyyc11bT2K\nK3Wwmt+Ot/u94ymuleIIKHQMHL+u4I8Y8eECggEAE85AguZldOLHqq8SVsVENMZo\nlXMxc/9uh2OMY5DKrqedhlBSN4moNw0snQaHH7y3vqaVafE8v7LJbnOXtbZsP351\nT4SbYswLTUL2sVlfzSS9LjKUYQag6rLYRMG6iD0tUGVBY0O9oMbXwoPlXTd3RzHx\nQQifzYVvUHabxqylDAwYunEko9HeUcaM5QLTQQ2NN45W7elIs5T/mLpR7UT+9wn0\nq3DegMKXeAPTT0PFoA7MPXjKT4Dq5ylbXtMv25ylsH3waIRdABzmdYsKC9jFRRRj\nVFHLYIfzq2RFWnw8OJh2hmKHD4SkGOUKB2RcRB22lYvrT7c1qzWPEYklhZQojA==\n-----END RSA PRIVATE KEY-----\n",
            "content_base64": null,
            "content_base64sha256": "EJ/TeUX56L8btUQZRC26o7shCP7x+Mh7bTSlfDzOXSs=",
            "content_base64sha512": "KqRrLZ5woqciWS/cMFPYtKoB8v/98xc0Ozwe6hhs0d7GrE6UeitOJbyD33FH4RUaWsPpI4ztJtmyfqUfQLE0ZQ==",
            "content_md5": "fe687aae67bb0c3fc25e4517f712f1ee",
            "content_sha1": "4903ec0a4d211f637093c66a39b5a7c3529f9d3d",
            "content_sha256": "109fd37945f9e8bf1bb54419442dbaa3bb2108fef1f8c87b6d34a57c3cce5d2b",
            "content_sha512": "2aa46b2d9e70a2a722592fdc3053d8b4aa01f2fffdf317343b3c1eea186cd1dec6ac4e947a2b4e25bc83df7147e1151a5ac3e9238ced26d9b27ea51f40b13465",
            "directory_permission": "0777",
            "file_permission": "400",
            "filename": "private_key2.pem",
            "id": "4903ec0a4d211f637093c66a39b5a7c3529f9d3d",
            "sensitive_content": null,
            "source": null
          },
          "sensitive_attributes": [
            [
              {
                "type": "get_attr",
                "value": "content"
              }
            ]
          ],
          "dependencies": [
            "tls_private_key.instance_private_keys"
          ]
        }
      ]
    },
    {
      "mode": "managed",
      "type": "tls_private_key",
      "name": "instance_private_keys",
      "provider": "provider[\"registry.terraform.io/hashicorp/tls\"]",
      "instances": [
        {
          "index_key": 0,
          "schema_version": 1,
          "attributes": {
            "algorithm": "RSA",
            "ecdsa_curve": "P224",
            "id": "be23f8b5fd53d1225f0c732999ad41194dc9286d",
            "private_key_openssh": "-----BEGIN OPENSSH PRIVATE KEY-----\nb3BlbnNzaC1rZXktdjEAAAAABG5vbmUAAAAEbm9uZQAAAAAAAAABAAACFwAAAAdz\nc2gtcnNhAAAAAwEAAQAAAgEA5+QnANYPUCF5s0YH2irrstb28LcxrTYw51l1zBlA\nqUv0brBN9YsZ38wfL3jSgXfG43bFiTTx2flSgZ6XbYMi9JoyEMVBGv1/cKvhRkr2\nvvTd0Qs7CgIzjAnEhCMK280eLoS3pVHd+srqRfD3zuWMszItyE2DERu3o+3JQ0ue\n/jcFE7aMu0tuBxzldFWI5wNqxq5phDVVURkBP1U4hdQr/reYeDrnnwR/+9egRCiC\nvWb/+CS5QnChuiD1K6qadJmXhdZxB7b6QH6pmbhFSyLQ1sH30zErW3DZjmCTU3sg\nIf0Mqylz5dw67wqTThiMvTis4/cYbR52idjlJ2Xsz1FxMLW2mVjabo0izqKQEsph\nnRqlmR+FigvINZe93AB/eAozlMZqXTPkgn0ULheC0DSsA3wWWoyuiDLwmkQQaMUp\nzhpLOID5ppLQS/yuDgKlyOhIrrQwfCITJqDqDTVqyuZ/c7mfYbCiJ3YVRTapqhNu\nHquGFz9cX3JkYA9n4AD7mOlIBX0jI9bqi+u3HJdjhUJt93TDwrcylF3Wg3HCK1fH\nmMMxuWk5Je1fXmimgZAk1xIgbjAhO0hBBY3H7nVOBe3cXzpzhIhueTYZQUXV9+VK\nbF/vUfAuftQiKTBiRaNmlTm4Op3Koq6SOnORUoJaL6SE/VEQXOaft+8g8ynY5TeU\nLLMAAAc4VzZiUVc2YlEAAAAHc3NoLXJzYQAAAgEA5+QnANYPUCF5s0YH2irrstb2\n8LcxrTYw51l1zBlAqUv0brBN9YsZ38wfL3jSgXfG43bFiTTx2flSgZ6XbYMi9Joy\nEMVBGv1/cKvhRkr2vvTd0Qs7CgIzjAnEhCMK280eLoS3pVHd+srqRfD3zuWMszIt\nyE2DERu3o+3JQ0ue/jcFE7aMu0tuBxzldFWI5wNqxq5phDVVURkBP1U4hdQr/reY\neDrnnwR/+9egRCiCvWb/+CS5QnChuiD1K6qadJmXhdZxB7b6QH6pmbhFSyLQ1sH3\n0zErW3DZjmCTU3sgIf0Mqylz5dw67wqTThiMvTis4/cYbR52idjlJ2Xsz1FxMLW2\nmVjabo0izqKQEsphnRqlmR+FigvINZe93AB/eAozlMZqXTPkgn0ULheC0DSsA3wW\nWoyuiDLwmkQQaMUpzhpLOID5ppLQS/yuDgKlyOhIrrQwfCITJqDqDTVqyuZ/c7mf\nYbCiJ3YVRTapqhNuHquGFz9cX3JkYA9n4AD7mOlIBX0jI9bqi+u3HJdjhUJt93TD\nwrcylF3Wg3HCK1fHmMMxuWk5Je1fXmimgZAk1xIgbjAhO0hBBY3H7nVOBe3cXzpz\nhIhueTYZQUXV9+VKbF/vUfAuftQiKTBiRaNmlTm4Op3Koq6SOnORUoJaL6SE/VEQ\nXOaft+8g8ynY5TeULLMAAAADAQABAAACAQCc4sPskeZsTSmcO24GkXFDXqJVO2vV\nh0tQyjqjKhaQM34dARTNYh3QRrZ2lKS+yP17WRjN+k8CLOdAIL7MbaNRn5ztsbaZ\nfxYgcXkI6KDFkr8btiBsZg7f2J/m0hp/mOepi0sAA0JOcchMJ3pQtQcbGYDV+nMJ\nORpmQvMen2PjE/BQZPoToTXAhDFNIq1rtekgoFFtC/Q72NH6OjryeBiHzUjPVvLr\np8y64yhf1JSXdb8J8DaSl8cjOTcGIvc6mctk1i9Ei+wFhGxUPtJKwjROh46WiLaP\nt+rIo9go661SsXRHvNTXl8cbgKkmdf+J6XU3Ci6xbKHAI0jt/cxYev47LzKyKfCz\nv2u6notpfXLknoRnXyBb7SlPWXSM0tAROfNtbHepYQcjmTJBy95+4KM8Y5gRIRj6\nY1KuIzZCncMiF8mpUqm4p+jpujkUsku1Fjxyfpwq95FFF+ukDqyPZ0jAwgFDh4Pg\nQRD/32XuxCKrawfqxyysKO6ph+iUX+2ouFITINpx7JBP8ZzP/F2iXlQXJ6wFdmY7\nIGuNUTuB5b17P+8MuBeO64rmcbJedVXarRpA1S/QdWbSoYEZ6dcj/JKxA3pf8cqu\n3XA4rSmzoB4d2t+N8Xej2OWPZMdOuVmFX+Q6NU0PtdvCVpb6WwN8d53pbUYX20LI\nJGlYoIkVpi5bqQAAAQB4YzUmNb1BtF0QFhcuPG0BuiqkbUIDVE8QlU6Vowi+qNVY\nJvSqEzrZQuHn8FbrYWWUjXFaIhhOtxHxtb70sjPVJ9Z9yB/MCHrfxuKkolKAuuBf\nun7v9WDNvcFoxU3Pv00YcBaP8BLBvrb4aKnP71410SQ2w3toPHdcln4a2bIiFtqi\nf2OHYy+vOoDukGvvsS2puwgUY1E2GbqhwK0MANO7H5D5mdcsrfQvvN2gT6j/IIc6\nfOt3yxBAnvtVKfUkhs4Hsr7BGeJ3TA0co1b9QO10+Zvm6yZ0O6THKTj4KS4GW6m8\nohhkD5mP1ELstc4Y3MagQPtxi4hqfqBnT0uS3sRsAAABAQD/xgz9NDAztieeSrwy\nnq4js1dN3TKFm1t/1mPuj+xH9gOCSWLnEgA3w7tAZHok1KwdELEgd2UfGzqilPh5\nF8C8SYu/rbbCyN7p00PVNQhqj3XajjevNMpzZy1VzWzar9JsihHKFW8kr+KcTxxY\nA4y6j+lfVqM7CtmQJKLtw5Iklqtjx1TVBKH2KSx7q5lSBK9GNtAW36dgzzepEBtL\nOFZDh2y5dyalJnJiaDKWTjGIFIJwR4qlN9w7uYYPYBjdTgfQp+hTPJLJAxWFC66s\nKmzAsYB3yIo2/Moc+wI9tE3RH90w/tLetMYQ3xN283aPyKzku4Eqo+8n1Ti7NC+c\nEzIHAAABAQDoGLDSLaxX5EKWX8UhjehMpqU4v58C0/aAVuNjtBaR5L+cuckKan9z\nhaFS2N/Q1oJ9ecowADh3oC2FgCOyhrdltcdnkrb2DSHwklAgCBWIQG0i6939fOne\ndw5NwwLtMTYLZVCuals0swTHLo0kjYVWyN5KNyZ+tTb9cL7HPJ5Z4uY0O1yZ/kam\njG7tML5bITBTh7RXy+ee8TIh9rYSAIRFL/9P+fBAqmX3m6+FB2rAb2nkAGMqBHea\nre1JMvx58H2uK8e9kmLoBoSLaQAcoh7aHomTerRSFGyFUfYQ+j5wjEBLKyccWjA/\ng+sePGkY7NSNnSTv3jn1jUbd1b6OHVT1AAAAAAEC\n-----END OPENSSH PRIVATE KEY-----\n",
            "private_key_pem": "-----BEGIN RSA PRIVATE KEY-----\nMIIJKQIBAAKCAgEA5+QnANYPUCF5s0YH2irrstb28LcxrTYw51l1zBlAqUv0brBN\n9YsZ38wfL3jSgXfG43bFiTTx2flSgZ6XbYMi9JoyEMVBGv1/cKvhRkr2vvTd0Qs7\nCgIzjAnEhCMK280eLoS3pVHd+srqRfD3zuWMszItyE2DERu3o+3JQ0ue/jcFE7aM\nu0tuBxzldFWI5wNqxq5phDVVURkBP1U4hdQr/reYeDrnnwR/+9egRCiCvWb/+CS5\nQnChuiD1K6qadJmXhdZxB7b6QH6pmbhFSyLQ1sH30zErW3DZjmCTU3sgIf0Mqylz\n5dw67wqTThiMvTis4/cYbR52idjlJ2Xsz1FxMLW2mVjabo0izqKQEsphnRqlmR+F\nigvINZe93AB/eAozlMZqXTPkgn0ULheC0DSsA3wWWoyuiDLwmkQQaMUpzhpLOID5\nppLQS/yuDgKlyOhIrrQwfCITJqDqDTVqyuZ/c7mfYbCiJ3YVRTapqhNuHquGFz9c\nX3JkYA9n4AD7mOlIBX0jI9bqi+u3HJdjhUJt93TDwrcylF3Wg3HCK1fHmMMxuWk5\nJe1fXmimgZAk1xIgbjAhO0hBBY3H7nVOBe3cXzpzhIhueTYZQUXV9+VKbF/vUfAu\nftQiKTBiRaNmlTm4Op3Koq6SOnORUoJaL6SE/VEQXOaft+8g8ynY5TeULLMCAwEA\nAQKCAgEAnOLD7JHmbE0pnDtuBpFxQ16iVTtr1YdLUMo6oyoWkDN+HQEUzWId0Ea2\ndpSkvsj9e1kYzfpPAiznQCC+zG2jUZ+c7bG2mX8WIHF5COigxZK/G7YgbGYO39if\n5tIaf5jnqYtLAANCTnHITCd6ULUHGxmA1fpzCTkaZkLzHp9j4xPwUGT6E6E1wIQx\nTSKta7XpIKBRbQv0O9jR+jo68ngYh81Iz1by66fMuuMoX9SUl3W/CfA2kpfHIzk3\nBiL3OpnLZNYvRIvsBYRsVD7SSsI0ToeOloi2j7fqyKPYKOutUrF0R7zU15fHG4Cp\nJnX/iel1NwousWyhwCNI7f3MWHr+Oy8ysinws79rup6LaX1y5J6EZ18gW+0pT1l0\njNLQETnzbWx3qWEHI5kyQcvefuCjPGOYESEY+mNSriM2Qp3DIhfJqVKpuKfo6bo5\nFLJLtRY8cn6cKveRRRfrpA6sj2dIwMIBQ4eD4EEQ/99l7sQiq2sH6scsrCjuqYfo\nlF/tqLhSEyDaceyQT/Gcz/xdol5UFyesBXZmOyBrjVE7geW9ez/vDLgXjuuK5nGy\nXnVV2q0aQNUv0HVm0qGBGenXI/ySsQN6X/HKrt1wOK0ps6AeHdrfjfF3o9jlj2TH\nTrlZhV/kOjVND7XbwlaW+lsDfHed6W1GF9tCyCRpWKCJFaYuW6kCggEBAP/GDP00\nMDO2J55KvDKeriOzV03dMoWbW3/WY+6P7Ef2A4JJYucSADfDu0BkeiTUrB0QsSB3\nZR8bOqKU+HkXwLxJi7+ttsLI3unTQ9U1CGqPddqON680ynNnLVXNbNqv0myKEcoV\nbySv4pxPHFgDjLqP6V9WozsK2ZAkou3DkiSWq2PHVNUEofYpLHurmVIEr0Y20Bbf\np2DPN6kQG0s4VkOHbLl3JqUmcmJoMpZOMYgUgnBHiqU33Du5hg9gGN1OB9Cn6FM8\nkskDFYULrqwqbMCxgHfIijb8yhz7Aj20TdEf3TD+0t60xhDfE3bzdo/IrOS7gSqj\n7yfVOLs0L5wTMgcCggEBAOgYsNItrFfkQpZfxSGN6EympTi/nwLT9oBW42O0FpHk\nv5y5yQpqf3OFoVLY39DWgn15yjAAOHegLYWAI7KGt2W1x2eStvYNIfCSUCAIFYhA\nbSLr3f186d53Dk3DAu0xNgtlUK5qWzSzBMcujSSNhVbI3ko3Jn61Nv1wvsc8nlni\n5jQ7XJn+RqaMbu0wvlshMFOHtFfL557xMiH2thIAhEUv/0/58ECqZfebr4UHasBv\naeQAYyoEd5qt7Uky/Hnwfa4rx72SYugGhItpAByiHtoeiZN6tFIUbIVR9hD6PnCM\nQEsrJxxaMD+D6x48aRjs1I2dJO/eOfWNRt3Vvo4dVPUCggEABUPJXqjlWRslw59c\nMlqL0RZO9L5Z3OAuyPnbwrxZq72HovXpwEHhmURBJXkr/ngWNt7yFm3+ud4wncod\nNzji8b090Cs+ONIzrHJ50fiufKsJTP9ibAvVIvz7tOlulS3LUgqhhRxd1k58hqUm\nOzWPfwOZVSoOYBfAFLR8WhKNfo1PZ9VhjKT0xIFidgU5ObP4+6QDMoVWB6scRTGc\nrjaxp+Awv7yRIhMhhZ8Jc4iWgmuRp8gBNZdpxBz0gnqC6INDq+rY4GW9y79xgPSV\nmtugs3Kz50NMfQdFDcWo7SY599UFE44bPxRPg2dkGi22wgzqaibl6L/JG3PLICdZ\n14eZnwKCAQEAnSNSXAqmO5+EYbEXk38zfun4xPIfo1eE9iFdtLxR55b7EA5NCetO\nvRUFQ0UoS4lgMbnKZTNRB9T/3PoDsTQ6aPdouTwA+ZesmedFrloq0ePkwBb3Zk8z\nO/ZZTdaxXYvK7m468Mt7UrO9kWl4D/5s/3Ph5Fdwjar9PxwdXmExSOQxPb3PFUet\n58b+t0IgLyzKPlOLi0G3YMomSg5x+MA2zW0Qq8Ipom57uOfELwn1gbIs/Dwy51i8\n7ZHCLKQDgj+Lp+dmRXgd1L/M72I4vCobP0wbkykpesTvMFhsg9QZgDPEt9/QjAaX\n0fjrr73w3fpCclqpjmljzldHWpwDds5vHQKCAQB4YzUmNb1BtF0QFhcuPG0Buiqk\nbUIDVE8QlU6Vowi+qNVYJvSqEzrZQuHn8FbrYWWUjXFaIhhOtxHxtb70sjPVJ9Z9\nyB/MCHrfxuKkolKAuuBfun7v9WDNvcFoxU3Pv00YcBaP8BLBvrb4aKnP71410SQ2\nw3toPHdcln4a2bIiFtqif2OHYy+vOoDukGvvsS2puwgUY1E2GbqhwK0MANO7H5D5\nmdcsrfQvvN2gT6j/IIc6fOt3yxBAnvtVKfUkhs4Hsr7BGeJ3TA0co1b9QO10+Zvm\n6yZ0O6THKTj4KS4GW6m8ohhkD5mP1ELstc4Y3MagQPtxi4hqfqBnT0uS3sRs\n-----END RSA PRIVATE KEY-----\n",
            "private_key_pem_pkcs8": "-----BEGIN PRIVATE KEY-----\nMIIJQwIBADANBgkqhkiG9w0BAQEFAASCCS0wggkpAgEAAoICAQDn5CcA1g9QIXmz\nRgfaKuuy1vbwtzGtNjDnWXXMGUCpS/RusE31ixnfzB8veNKBd8bjdsWJNPHZ+VKB\nnpdtgyL0mjIQxUEa/X9wq+FGSva+9N3RCzsKAjOMCcSEIwrbzR4uhLelUd36yupF\n8PfO5YyzMi3ITYMRG7ej7clDS57+NwUTtoy7S24HHOV0VYjnA2rGrmmENVVRGQE/\nVTiF1Cv+t5h4OuefBH/716BEKIK9Zv/4JLlCcKG6IPUrqpp0mZeF1nEHtvpAfqmZ\nuEVLItDWwffTMStbcNmOYJNTeyAh/QyrKXPl3DrvCpNOGIy9OKzj9xhtHnaJ2OUn\nZezPUXEwtbaZWNpujSLOopASymGdGqWZH4WKC8g1l73cAH94CjOUxmpdM+SCfRQu\nF4LQNKwDfBZajK6IMvCaRBBoxSnOGks4gPmmktBL/K4OAqXI6EiutDB8IhMmoOoN\nNWrK5n9zuZ9hsKIndhVFNqmqE24eq4YXP1xfcmRgD2fgAPuY6UgFfSMj1uqL67cc\nl2OFQm33dMPCtzKUXdaDccIrV8eYwzG5aTkl7V9eaKaBkCTXEiBuMCE7SEEFjcfu\ndU4F7dxfOnOEiG55NhlBRdX35UpsX+9R8C5+1CIpMGJFo2aVObg6ncqirpI6c5FS\nglovpIT9URBc5p+37yDzKdjlN5QsswIDAQABAoICAQCc4sPskeZsTSmcO24GkXFD\nXqJVO2vVh0tQyjqjKhaQM34dARTNYh3QRrZ2lKS+yP17WRjN+k8CLOdAIL7MbaNR\nn5ztsbaZfxYgcXkI6KDFkr8btiBsZg7f2J/m0hp/mOepi0sAA0JOcchMJ3pQtQcb\nGYDV+nMJORpmQvMen2PjE/BQZPoToTXAhDFNIq1rtekgoFFtC/Q72NH6OjryeBiH\nzUjPVvLrp8y64yhf1JSXdb8J8DaSl8cjOTcGIvc6mctk1i9Ei+wFhGxUPtJKwjRO\nh46WiLaPt+rIo9go661SsXRHvNTXl8cbgKkmdf+J6XU3Ci6xbKHAI0jt/cxYev47\nLzKyKfCzv2u6notpfXLknoRnXyBb7SlPWXSM0tAROfNtbHepYQcjmTJBy95+4KM8\nY5gRIRj6Y1KuIzZCncMiF8mpUqm4p+jpujkUsku1Fjxyfpwq95FFF+ukDqyPZ0jA\nwgFDh4PgQRD/32XuxCKrawfqxyysKO6ph+iUX+2ouFITINpx7JBP8ZzP/F2iXlQX\nJ6wFdmY7IGuNUTuB5b17P+8MuBeO64rmcbJedVXarRpA1S/QdWbSoYEZ6dcj/JKx\nA3pf8cqu3XA4rSmzoB4d2t+N8Xej2OWPZMdOuVmFX+Q6NU0PtdvCVpb6WwN8d53p\nbUYX20LIJGlYoIkVpi5bqQKCAQEA/8YM/TQwM7Ynnkq8Mp6uI7NXTd0yhZtbf9Zj\n7o/sR/YDgkli5xIAN8O7QGR6JNSsHRCxIHdlHxs6opT4eRfAvEmLv622wsje6dND\n1TUIao912o43rzTKc2ctVc1s2q/SbIoRyhVvJK/inE8cWAOMuo/pX1ajOwrZkCSi\n7cOSJJarY8dU1QSh9ikse6uZUgSvRjbQFt+nYM83qRAbSzhWQ4dsuXcmpSZyYmgy\nlk4xiBSCcEeKpTfcO7mGD2AY3U4H0KfoUzySyQMVhQuurCpswLGAd8iKNvzKHPsC\nPbRN0R/dMP7S3rTGEN8TdvN2j8is5LuBKqPvJ9U4uzQvnBMyBwKCAQEA6Biw0i2s\nV+RCll/FIY3oTKalOL+fAtP2gFbjY7QWkeS/nLnJCmp/c4WhUtjf0NaCfXnKMAA4\nd6AthYAjsoa3ZbXHZ5K29g0h8JJQIAgViEBtIuvd/Xzp3ncOTcMC7TE2C2VQrmpb\nNLMExy6NJI2FVsjeSjcmfrU2/XC+xzyeWeLmNDtcmf5Gpoxu7TC+WyEwU4e0V8vn\nnvEyIfa2EgCERS//T/nwQKpl95uvhQdqwG9p5ABjKgR3mq3tSTL8efB9rivHvZJi\n6AaEi2kAHKIe2h6Jk3q0UhRshVH2EPo+cIxASysnHFowP4PrHjxpGOzUjZ0k7945\n9Y1G3dW+jh1U9QKCAQAFQ8leqOVZGyXDn1wyWovRFk70vlnc4C7I+dvCvFmrvYei\n9enAQeGZREEleSv+eBY23vIWbf653jCdyh03OOLxvT3QKz440jOscnnR+K58qwlM\n/2JsC9Ui/Pu06W6VLctSCqGFHF3WTnyGpSY7NY9/A5lVKg5gF8AUtHxaEo1+jU9n\n1WGMpPTEgWJ2BTk5s/j7pAMyhVYHqxxFMZyuNrGn4DC/vJEiEyGFnwlziJaCa5Gn\nyAE1l2nEHPSCeoLog0Or6tjgZb3Lv3GA9JWa26CzcrPnQ0x9B0UNxajtJjn31QUT\njhs/FE+DZ2QaLbbCDOpqJuXov8kbc8sgJ1nXh5mfAoIBAQCdI1JcCqY7n4RhsReT\nfzN+6fjE8h+jV4T2IV20vFHnlvsQDk0J6069FQVDRShLiWAxucplM1EH1P/c+gOx\nNDpo92i5PAD5l6yZ50WuWirR4+TAFvdmTzM79llN1rFdi8rubjrwy3tSs72RaXgP\n/mz/c+HkV3CNqv0/HB1eYTFI5DE9vc8VR63nxv63QiAvLMo+U4uLQbdgyiZKDnH4\nwDbNbRCrwimibnu458QvCfWBsiz8PDLnWLztkcIspAOCP4un52ZFeB3Uv8zvYji8\nKhs/TBuTKSl6xO8wWGyD1BmAM8S339CMBpfR+OuvvfDd+kJyWqmOaWPOV0danAN2\nzm8dAoIBAHhjNSY1vUG0XRAWFy48bQG6KqRtQgNUTxCVTpWjCL6o1Vgm9KoTOtlC\n4efwVuthZZSNcVoiGE63EfG1vvSyM9Un1n3IH8wIet/G4qSiUoC64F+6fu/1YM29\nwWjFTc+/TRhwFo/wEsG+tvhoqc/vXjXRJDbDe2g8d1yWfhrZsiIW2qJ/Y4djL686\ngO6Qa++xLam7CBRjUTYZuqHArQwA07sfkPmZ1yyt9C+83aBPqP8ghzp863fLEECe\n+1Up9SSGzgeyvsEZ4ndMDRyjVv1A7XT5m+brJnQ7pMcpOPgpLgZbqbyiGGQPmY/U\nQuy1zhjcxqBA+3GLiGp+oGdPS5LexGw=\n-----END PRIVATE KEY-----\n",
            "public_key_fingerprint_md5": "f8:85:8e:3d:37:d8:ec:51:e2:0b:56:e3:41:95:bd:4e",
            "public_key_fingerprint_sha256": "SHA256:UQXOhJJXp4yV94PWhNiMfDRsZya54fN+Svpj3ISp6GA",
            "public_key_openssh": "ssh-rsa AAAAB3NzaC1yc2EAAAADAQABAAACAQDn5CcA1g9QIXmzRgfaKuuy1vbwtzGtNjDnWXXMGUCpS/RusE31ixnfzB8veNKBd8bjdsWJNPHZ+VKBnpdtgyL0mjIQxUEa/X9wq+FGSva+9N3RCzsKAjOMCcSEIwrbzR4uhLelUd36yupF8PfO5YyzMi3ITYMRG7ej7clDS57+NwUTtoy7S24HHOV0VYjnA2rGrmmENVVRGQE/VTiF1Cv+t5h4OuefBH/716BEKIK9Zv/4JLlCcKG6IPUrqpp0mZeF1nEHtvpAfqmZuEVLItDWwffTMStbcNmOYJNTeyAh/QyrKXPl3DrvCpNOGIy9OKzj9xhtHnaJ2OUnZezPUXEwtbaZWNpujSLOopASymGdGqWZH4WKC8g1l73cAH94CjOUxmpdM+SCfRQuF4LQNKwDfBZajK6IMvCaRBBoxSnOGks4gPmmktBL/K4OAqXI6EiutDB8IhMmoOoNNWrK5n9zuZ9hsKIndhVFNqmqE24eq4YXP1xfcmRgD2fgAPuY6UgFfSMj1uqL67ccl2OFQm33dMPCtzKUXdaDccIrV8eYwzG5aTkl7V9eaKaBkCTXEiBuMCE7SEEFjcfudU4F7dxfOnOEiG55NhlBRdX35UpsX+9R8C5+1CIpMGJFo2aVObg6ncqirpI6c5FSglovpIT9URBc5p+37yDzKdjlN5Qssw==\n",
            "public_key_pem": "-----BEGIN PUBLIC KEY-----\nMIICIjANBgkqhkiG9w0BAQEFAAOCAg8AMIICCgKCAgEA5+QnANYPUCF5s0YH2irr\nstb28LcxrTYw51l1zBlAqUv0brBN9YsZ38wfL3jSgXfG43bFiTTx2flSgZ6XbYMi\n9JoyEMVBGv1/cKvhRkr2vvTd0Qs7CgIzjAnEhCMK280eLoS3pVHd+srqRfD3zuWM\nszItyE2DERu3o+3JQ0ue/jcFE7aMu0tuBxzldFWI5wNqxq5phDVVURkBP1U4hdQr\n/reYeDrnnwR/+9egRCiCvWb/+CS5QnChuiD1K6qadJmXhdZxB7b6QH6pmbhFSyLQ\n1sH30zErW3DZjmCTU3sgIf0Mqylz5dw67wqTThiMvTis4/cYbR52idjlJ2Xsz1Fx\nMLW2mVjabo0izqKQEsphnRqlmR+FigvINZe93AB/eAozlMZqXTPkgn0ULheC0DSs\nA3wWWoyuiDLwmkQQaMUpzhpLOID5ppLQS/yuDgKlyOhIrrQwfCITJqDqDTVqyuZ/\nc7mfYbCiJ3YVRTapqhNuHquGFz9cX3JkYA9n4AD7mOlIBX0jI9bqi+u3HJdjhUJt\n93TDwrcylF3Wg3HCK1fHmMMxuWk5Je1fXmimgZAk1xIgbjAhO0hBBY3H7nVOBe3c\nXzpzhIhueTYZQUXV9+VKbF/vUfAuftQiKTBiRaNmlTm4Op3Koq6SOnORUoJaL6SE\n/VEQXOaft+8g8ynY5TeULLMCAwEAAQ==\n-----END PUBLIC KEY-----\n",
            "rsa_bits": 4096
          },
          "sensitive_attributes": []
        },
        {
          "index_key": 1,
          "schema_version": 1,
          "attributes": {
            "algorithm": "RSA",
            "ecdsa_curve": "P224",
            "id": "b0aa525c356bd74abb53eb497b74e06c9267d321",
            "private_key_openssh": "-----BEGIN OPENSSH PRIVATE KEY-----\nb3BlbnNzaC1rZXktdjEAAAAABG5vbmUAAAAEbm9uZQAAAAAAAAABAAACFwAAAAdz\nc2gtcnNhAAAAAwEAAQAAAgEA8WRNbdTRM/9x02U/agCo6mVsFgW07dKXj2x2/cC3\nc5ewK+uypB7Num/HUKr4G/4wMByVC+7sndE5ig8ETzUkwvA3XQDgqZW8syfHJTfO\nHv0OX0XJO5KdZX4hgeu+cpgjH1WkRyS26oyVzepxAXm/QM9caHNN6TU8k/mtSsPO\n6DC+YQRLd3D8oynyEmmcrlYxjnDAVqr0FR6hgQfiu/8me1Vwx+FYtBVROjmompCo\nqo2XB5vwFysiFmXmyuDBZevbBVX5R06+XEtNc8DGeBWOdJ4KuHhL4jIg0Ekc6hDJ\nQ7H9Gy53JGIPhGFW2rUo/uX8uiNfHkJ0qsuEUQdPyOiDisp6zKIdKbwya0cWy5JT\nT7Ek+mk8NsNl0aUQC9PM9bu40HkSJ4dnMEIldIe1oO3Em8MJttg5EyGKpiPTQNdy\nU+AoDULVVLlds5/95NlZs9/VrqVoP/uomlOEgl87SnADXUJsZcB8DYncRzaGAgtM\ngkh3MBKnulg4VLhHaUKCwWjb+dnD6ZRMVNeNoVnk1ZET7CFK6YhsSeMJ6CNDhCsK\nR6NbdQeZ+7kgpG5VG5GKSiBoqbZkkA1z/KWch4WK5MTKLvwkptgxjfstgejJhMNS\n2A8W8d4CXqEVq6MGwzn80vRvVIQETetXEIh36lzK5l/ju7450pOtWAp4Npu1GY2c\nNxMAAAc42nWUytp1lMoAAAAHc3NoLXJzYQAAAgEA8WRNbdTRM/9x02U/agCo6mVs\nFgW07dKXj2x2/cC3c5ewK+uypB7Num/HUKr4G/4wMByVC+7sndE5ig8ETzUkwvA3\nXQDgqZW8syfHJTfOHv0OX0XJO5KdZX4hgeu+cpgjH1WkRyS26oyVzepxAXm/QM9c\naHNN6TU8k/mtSsPO6DC+YQRLd3D8oynyEmmcrlYxjnDAVqr0FR6hgQfiu/8me1Vw\nx+FYtBVROjmompCoqo2XB5vwFysiFmXmyuDBZevbBVX5R06+XEtNc8DGeBWOdJ4K\nuHhL4jIg0Ekc6hDJQ7H9Gy53JGIPhGFW2rUo/uX8uiNfHkJ0qsuEUQdPyOiDisp6\nzKIdKbwya0cWy5JTT7Ek+mk8NsNl0aUQC9PM9bu40HkSJ4dnMEIldIe1oO3Em8MJ\nttg5EyGKpiPTQNdyU+AoDULVVLlds5/95NlZs9/VrqVoP/uomlOEgl87SnADXUJs\nZcB8DYncRzaGAgtMgkh3MBKnulg4VLhHaUKCwWjb+dnD6ZRMVNeNoVnk1ZET7CFK\n6YhsSeMJ6CNDhCsKR6NbdQeZ+7kgpG5VG5GKSiBoqbZkkA1z/KWch4WK5MTKLvwk\nptgxjfstgejJhMNS2A8W8d4CXqEVq6MGwzn80vRvVIQETetXEIh36lzK5l/ju745\n0pOtWAp4Npu1GY2cNxMAAAADAQABAAACAQDFB77fmCcOT0Gkb+774f/+GrzHmO7e\nc9c7vSe+5a+XzUeCAge1SGNZ+uTwZizQBIFms93AeMtv4ZgapTk6QcF40EQQSKgY\nI917SkuViGBZEOrLPxYK5xhMAFDvT/IKbT211NybKU+YURnxkpucvbgq+VaO9xav\n9ME2c0RMU1kuUqMCY1QJ8RJ1R8aL2uKFtlsKzeNgmndSScc/n6UlGBVb9BhzPe9+\nRiwf33JMfyj81UdicZjeAFn5eEGSdTPGsmX6i/tFhfOBOAHHKqGU4Nt/OoS7n40o\n2wvHlvXf48Wz2LMknZ+n9dZ+kkkniVkl/al0cWyxMUMzKZ0d2l74OTkr2VHI3hJp\nlzNQUxa2DaI06etpALcAKh0UUeCuIScYCXSrrPbbyAtA2tV0WoUeGFd066tYwndx\n1gNvtCiGFyc514Y0JCjMlTx4rD4Lu8ucvNy9xfcxNDeVZFNkAAvKiWSMIEHO498c\nyPSZvcHy3z0tFKOn96BC50dHD97eIxeb1nV5xrQnGCofsbK0MlraiB/ja9Uvvbu4\n+WDWhEbACKDyxHTRhXK/LginPWS4I+h6GxoLiwGeAXtuFkdh8xPdFj4JhQhBClxJ\nAIg/jHKDjbCXB3TZwxzMRqwiDGBXl22slqKSUTIdbrB/oB8FfH5sF/PIfa6ZGWx+\n46GPMrrJopRxEQAAAQATzkCC5mV04seqrxJWxUQ0xmiVczFz/26HY4xjkMqup52G\nUFI3iag3DSydBocfvLe+ppVp8Ty/ssluc5e1tmw/fnVPhJtizAtNQvaxWV/NJL0u\nMpRhBqDqsthEwbqIPS1QZUFjQ72gxtfCg+VdN3dHMfFBCJ/NhW9QdpvGrKUMDBi6\ncSSj0d5RxozlAtNBDY03jlbt6UizlP+YulHtRP73CfSrcN6Awpd4A9NPQ8WgDsw9\neMpPgOrnKVte0y/bnKWwffBohF0AHOZ1iwoL2MVFFGNUUctgh/OrZEVafDw4mHaG\nYocPhKQY5QoHZFxEHbaVi+tPtzWrNY8RiSWFlCiMAAABAQD77SAHT2fxgJAOrTUZ\n2sqKePTIoL0NmOdFBjRphrOqgZaoSPbLPI1aeLHQjfhp9HefNyKcmkPX+Lvm+N1k\n6EkwekV5fp+ke85ZV8YynOOBFZA7Vlil0vDD+OWP1FxZOMQlzc9tvFMMCxZDjYVV\nYPYxVkJ9qdhPDrcdypgQJLYrJnkxdw4rEo3KQmPlYeiGXKmnWi/0psElN3OhaW3P\nGtn4jWwwhmhV4iudOSEsc8b5bCc3Di1JUI9L+I9neo4h3DUn3WM4lLQechtD9aJ0\naN80vV2/gu0dnBvB4LLr+p+MdxVUFmX6IdSfjnq1uw192dUiA4GrfM8GBOC22oFU\nCy+7AAABAQD1S5GfrwyIDztbmfEIc4fkhJ81Zg7ugm8cXAVgpj5QCeUzq3Gf2rYY\nWTOtNUGWVLobo0aABpmVzLaPJXvrCUJiEvrX1HsZIvi8YysUmcBl5xrJx12xTeAj\nEJS18XtnfyAj9z7xc4+1DTIHaWgo+OSXuceQMgUz/41/vGn4UEafETWUNJ0jaoGF\nkMbBe+Q8f8u/+cp/8ASZWLor9k/PLxXkKIbku8ZXfvoKEscJbMxFErs4xGOkN0LT\neM+YTh7kdY9XxoAgNPslwCmNKYdGMtScXdAX5oZi7O+1zFZW4Aud111crFz8gdsd\n2kgjvRraBy4xK6x7EZDNld6oVF1EtkSJAAAAAAEC\n-----END OPENSSH PRIVATE KEY-----\n",
            "private_key_pem": "-----BEGIN RSA PRIVATE KEY-----\nMIIJKgIBAAKCAgEA8WRNbdTRM/9x02U/agCo6mVsFgW07dKXj2x2/cC3c5ewK+uy\npB7Num/HUKr4G/4wMByVC+7sndE5ig8ETzUkwvA3XQDgqZW8syfHJTfOHv0OX0XJ\nO5KdZX4hgeu+cpgjH1WkRyS26oyVzepxAXm/QM9caHNN6TU8k/mtSsPO6DC+YQRL\nd3D8oynyEmmcrlYxjnDAVqr0FR6hgQfiu/8me1Vwx+FYtBVROjmompCoqo2XB5vw\nFysiFmXmyuDBZevbBVX5R06+XEtNc8DGeBWOdJ4KuHhL4jIg0Ekc6hDJQ7H9Gy53\nJGIPhGFW2rUo/uX8uiNfHkJ0qsuEUQdPyOiDisp6zKIdKbwya0cWy5JTT7Ek+mk8\nNsNl0aUQC9PM9bu40HkSJ4dnMEIldIe1oO3Em8MJttg5EyGKpiPTQNdyU+AoDULV\nVLlds5/95NlZs9/VrqVoP/uomlOEgl87SnADXUJsZcB8DYncRzaGAgtMgkh3MBKn\nulg4VLhHaUKCwWjb+dnD6ZRMVNeNoVnk1ZET7CFK6YhsSeMJ6CNDhCsKR6NbdQeZ\n+7kgpG5VG5GKSiBoqbZkkA1z/KWch4WK5MTKLvwkptgxjfstgejJhMNS2A8W8d4C\nXqEVq6MGwzn80vRvVIQETetXEIh36lzK5l/ju7450pOtWAp4Npu1GY2cNxMCAwEA\nAQKCAgEAxQe+35gnDk9BpG/u++H//hq8x5ju3nPXO70nvuWvl81HggIHtUhjWfrk\n8GYs0ASBZrPdwHjLb+GYGqU5OkHBeNBEEEioGCPde0pLlYhgWRDqyz8WCucYTABQ\n70/yCm09tdTcmylPmFEZ8ZKbnL24KvlWjvcWr/TBNnNETFNZLlKjAmNUCfESdUfG\ni9rihbZbCs3jYJp3UknHP5+lJRgVW/QYcz3vfkYsH99yTH8o/NVHYnGY3gBZ+XhB\nknUzxrJl+ov7RYXzgTgBxyqhlODbfzqEu5+NKNsLx5b13+PFs9izJJ2fp/XWfpJJ\nJ4lZJf2pdHFssTFDMymdHdpe+Dk5K9lRyN4SaZczUFMWtg2iNOnraQC3ACodFFHg\nriEnGAl0q6z228gLQNrVdFqFHhhXdOurWMJ3cdYDb7QohhcnOdeGNCQozJU8eKw+\nC7vLnLzcvcX3MTQ3lWRTZAALyolkjCBBzuPfHMj0mb3B8t89LRSjp/egQudHRw/e\n3iMXm9Z1eca0JxgqH7GytDJa2ogf42vVL727uPlg1oRGwAig8sR00YVyvy4Ipz1k\nuCPoehsaC4sBngF7bhZHYfMT3RY+CYUIQQpcSQCIP4xyg42wlwd02cMczEasIgxg\nV5dtrJaiklEyHW6wf6AfBXx+bBfzyH2umRlsfuOhjzK6yaKUcRECggEBAPvtIAdP\nZ/GAkA6tNRnayop49MigvQ2Y50UGNGmGs6qBlqhI9ss8jVp4sdCN+Gn0d583Ipya\nQ9f4u+b43WToSTB6RXl+n6R7zllXxjKc44EVkDtWWKXS8MP45Y/UXFk4xCXNz228\nUwwLFkONhVVg9jFWQn2p2E8Otx3KmBAktismeTF3DisSjcpCY+Vh6IZcqadaL/Sm\nwSU3c6Fpbc8a2fiNbDCGaFXiK505ISxzxvlsJzcOLUlQj0v4j2d6jiHcNSfdYziU\ntB5yG0P1onRo3zS9Xb+C7R2cG8Hgsuv6n4x3FVQWZfoh1J+OerW7DX3Z1SIDgat8\nzwYE4LbagVQLL7sCggEBAPVLkZ+vDIgPO1uZ8Qhzh+SEnzVmDu6CbxxcBWCmPlAJ\n5TOrcZ/athhZM601QZZUuhujRoAGmZXMto8le+sJQmIS+tfUexki+LxjKxSZwGXn\nGsnHXbFN4CMQlLXxe2d/ICP3PvFzj7UNMgdpaCj45Je5x5AyBTP/jX+8afhQRp8R\nNZQ0nSNqgYWQxsF75Dx/y7/5yn/wBJlYuiv2T88vFeQohuS7xld++goSxwlszEUS\nuzjEY6Q3QtN4z5hOHuR1j1fGgCA0+yXAKY0ph0Yy1Jxd0BfmhmLs77XMVlbgC53X\nXVysXPyB2x3aSCO9GtoHLjErrHsRkM2V3qhUXUS2RIkCggEBAKxdyZQ22D98XxQr\nnjFaaUnlCFZc4/zxqQqo/CNXboYytAngIjtb6rsD6WVwPY8BHPdqmdvcEJ8sKCQY\nEiKAa9MnVXGTGVdI/h5S1+C5R0+CmXR/15ddhC4Rlb+a5LSHCm1zK4FBYPDUhR8j\nLR8FgGyxQD0KgF1XDCLuAqzI8XsEj9cwRhliUHEai47eNmH39Hv0UOtrTKtSDWNa\n5y7UiF5vJJ7u12QrovunovLvJCxzu0EICiQnYmPwZO3ABI9WQ2hLKSAFXleWauFM\npyJOvqkvB32I7wNbVAKK4uBiUdehgo5N5OgHTZr9uSeuG8UHzbPAAnB6rIrJu5Zg\nWixOmxECggEBAJIbHPY8Uf6I9BYvr34VMpBO3nX0AFjYoE4IEbvryZnrCvan29oX\nb/c4yqsU2agtd10W99syEzFC6kqBTTpGHaBFJdyA14G1burnNrXijtMjwLUHZytA\n84xvR+THnXWcJwzFLFytNJ/m6DG5+yzMc3xcUB33bVn3kdTP6V7akfYVThCk9iQu\nQE/KWFjO7reKd1Y19wQVdufQDbQ51nfV1/g6m36Kyi07mLt/S8a1Y0aRTasWbzNV\nJxzHDP/vKD90NplVxuNoK1/lAdrvLYAGrtUkm9pgmRM7hdyHhbXhZYnyyc11bT2K\nK3Wwmt+Ot/u94ymuleIIKHQMHL+u4I8Y8eECggEAE85AguZldOLHqq8SVsVENMZo\nlXMxc/9uh2OMY5DKrqedhlBSN4moNw0snQaHH7y3vqaVafE8v7LJbnOXtbZsP351\nT4SbYswLTUL2sVlfzSS9LjKUYQag6rLYRMG6iD0tUGVBY0O9oMbXwoPlXTd3RzHx\nQQifzYVvUHabxqylDAwYunEko9HeUcaM5QLTQQ2NN45W7elIs5T/mLpR7UT+9wn0\nq3DegMKXeAPTT0PFoA7MPXjKT4Dq5ylbXtMv25ylsH3waIRdABzmdYsKC9jFRRRj\nVFHLYIfzq2RFWnw8OJh2hmKHD4SkGOUKB2RcRB22lYvrT7c1qzWPEYklhZQojA==\n-----END RSA PRIVATE KEY-----\n",
            "private_key_pem_pkcs8": "-----BEGIN PRIVATE KEY-----\nMIIJRAIBADANBgkqhkiG9w0BAQEFAASCCS4wggkqAgEAAoICAQDxZE1t1NEz/3HT\nZT9qAKjqZWwWBbTt0pePbHb9wLdzl7Ar67KkHs26b8dQqvgb/jAwHJUL7uyd0TmK\nDwRPNSTC8DddAOCplbyzJ8clN84e/Q5fRck7kp1lfiGB675ymCMfVaRHJLbqjJXN\n6nEBeb9Az1xoc03pNTyT+a1Kw87oML5hBEt3cPyjKfISaZyuVjGOcMBWqvQVHqGB\nB+K7/yZ7VXDH4Vi0FVE6OaiakKiqjZcHm/AXKyIWZebK4MFl69sFVflHTr5cS01z\nwMZ4FY50ngq4eEviMiDQSRzqEMlDsf0bLnckYg+EYVbatSj+5fy6I18eQnSqy4RR\nB0/I6IOKynrMoh0pvDJrRxbLklNPsST6aTw2w2XRpRAL08z1u7jQeRInh2cwQiV0\nh7Wg7cSbwwm22DkTIYqmI9NA13JT4CgNQtVUuV2zn/3k2Vmz39WupWg/+6iaU4SC\nXztKcANdQmxlwHwNidxHNoYCC0yCSHcwEqe6WDhUuEdpQoLBaNv52cPplExU142h\nWeTVkRPsIUrpiGxJ4wnoI0OEKwpHo1t1B5n7uSCkblUbkYpKIGiptmSQDXP8pZyH\nhYrkxMou/CSm2DGN+y2B6MmEw1LYDxbx3gJeoRWrowbDOfzS9G9UhARN61cQiHfq\nXMrmX+O7vjnSk61YCng2m7UZjZw3EwIDAQABAoICAQDFB77fmCcOT0Gkb+774f/+\nGrzHmO7ec9c7vSe+5a+XzUeCAge1SGNZ+uTwZizQBIFms93AeMtv4ZgapTk6QcF4\n0EQQSKgYI917SkuViGBZEOrLPxYK5xhMAFDvT/IKbT211NybKU+YURnxkpucvbgq\n+VaO9xav9ME2c0RMU1kuUqMCY1QJ8RJ1R8aL2uKFtlsKzeNgmndSScc/n6UlGBVb\n9BhzPe9+Riwf33JMfyj81UdicZjeAFn5eEGSdTPGsmX6i/tFhfOBOAHHKqGU4Nt/\nOoS7n40o2wvHlvXf48Wz2LMknZ+n9dZ+kkkniVkl/al0cWyxMUMzKZ0d2l74OTkr\n2VHI3hJplzNQUxa2DaI06etpALcAKh0UUeCuIScYCXSrrPbbyAtA2tV0WoUeGFd0\n66tYwndx1gNvtCiGFyc514Y0JCjMlTx4rD4Lu8ucvNy9xfcxNDeVZFNkAAvKiWSM\nIEHO498cyPSZvcHy3z0tFKOn96BC50dHD97eIxeb1nV5xrQnGCofsbK0MlraiB/j\na9Uvvbu4+WDWhEbACKDyxHTRhXK/LginPWS4I+h6GxoLiwGeAXtuFkdh8xPdFj4J\nhQhBClxJAIg/jHKDjbCXB3TZwxzMRqwiDGBXl22slqKSUTIdbrB/oB8FfH5sF/PI\nfa6ZGWx+46GPMrrJopRxEQKCAQEA++0gB09n8YCQDq01GdrKinj0yKC9DZjnRQY0\naYazqoGWqEj2yzyNWnix0I34afR3nzcinJpD1/i75vjdZOhJMHpFeX6fpHvOWVfG\nMpzjgRWQO1ZYpdLww/jlj9RcWTjEJc3PbbxTDAsWQ42FVWD2MVZCfanYTw63HcqY\nECS2KyZ5MXcOKxKNykJj5WHohlypp1ov9KbBJTdzoWltzxrZ+I1sMIZoVeIrnTkh\nLHPG+WwnNw4tSVCPS/iPZ3qOIdw1J91jOJS0HnIbQ/WidGjfNL1dv4LtHZwbweCy\n6/qfjHcVVBZl+iHUn456tbsNfdnVIgOBq3zPBgTgttqBVAsvuwKCAQEA9UuRn68M\niA87W5nxCHOH5ISfNWYO7oJvHFwFYKY+UAnlM6txn9q2GFkzrTVBllS6G6NGgAaZ\nlcy2jyV76wlCYhL619R7GSL4vGMrFJnAZecaycddsU3gIxCUtfF7Z38gI/c+8XOP\ntQ0yB2loKPjkl7nHkDIFM/+Nf7xp+FBGnxE1lDSdI2qBhZDGwXvkPH/Lv/nKf/AE\nmVi6K/ZPzy8V5CiG5LvGV376ChLHCWzMRRK7OMRjpDdC03jPmE4e5HWPV8aAIDT7\nJcApjSmHRjLUnF3QF+aGYuzvtcxWVuALndddXKxc/IHbHdpII70a2gcuMSusexGQ\nzZXeqFRdRLZEiQKCAQEArF3JlDbYP3xfFCueMVppSeUIVlzj/PGpCqj8I1duhjK0\nCeAiO1vquwPpZXA9jwEc92qZ29wQnywoJBgSIoBr0ydVcZMZV0j+HlLX4LlHT4KZ\ndH/Xl12ELhGVv5rktIcKbXMrgUFg8NSFHyMtHwWAbLFAPQqAXVcMIu4CrMjxewSP\n1zBGGWJQcRqLjt42Yff0e/RQ62tMq1INY1rnLtSIXm8knu7XZCui+6ei8u8kLHO7\nQQgKJCdiY/Bk7cAEj1ZDaEspIAVeV5Zq4UynIk6+qS8HfYjvA1tUAori4GJR16GC\njk3k6AdNmv25J64bxQfNs8ACcHqsism7lmBaLE6bEQKCAQEAkhsc9jxR/oj0Fi+v\nfhUykE7edfQAWNigTggRu+vJmesK9qfb2hdv9zjKqxTZqC13XRb32zITMULqSoFN\nOkYdoEUl3IDXgbVu6uc2teKO0yPAtQdnK0DzjG9H5MeddZwnDMUsXK00n+boMbn7\nLMxzfFxQHfdtWfeR1M/pXtqR9hVOEKT2JC5AT8pYWM7ut4p3VjX3BBV259ANtDnW\nd9XX+DqbforKLTuYu39LxrVjRpFNqxZvM1UnHMcM/+8oP3Q2mVXG42grX+UB2u8t\ngAau1SSb2mCZEzuF3IeFteFlifLJzXVtPYordbCa3463+73jKa6V4ggodAwcv67g\njxjx4QKCAQATzkCC5mV04seqrxJWxUQ0xmiVczFz/26HY4xjkMqup52GUFI3iag3\nDSydBocfvLe+ppVp8Ty/ssluc5e1tmw/fnVPhJtizAtNQvaxWV/NJL0uMpRhBqDq\nsthEwbqIPS1QZUFjQ72gxtfCg+VdN3dHMfFBCJ/NhW9QdpvGrKUMDBi6cSSj0d5R\nxozlAtNBDY03jlbt6UizlP+YulHtRP73CfSrcN6Awpd4A9NPQ8WgDsw9eMpPgOrn\nKVte0y/bnKWwffBohF0AHOZ1iwoL2MVFFGNUUctgh/OrZEVafDw4mHaGYocPhKQY\n5QoHZFxEHbaVi+tPtzWrNY8RiSWFlCiM\n-----END PRIVATE KEY-----\n",
            "public_key_fingerprint_md5": "e4:a0:b5:10:32:e9:43:aa:e6:56:d0:0b:d2:21:e0:b8",
            "public_key_fingerprint_sha256": "SHA256:TgLghyI0DiReX8DTqnOzqrLyNL5TBaYn3SZPu268x9s",
            "public_key_openssh": "ssh-rsa AAAAB3NzaC1yc2EAAAADAQABAAACAQDxZE1t1NEz/3HTZT9qAKjqZWwWBbTt0pePbHb9wLdzl7Ar67KkHs26b8dQqvgb/jAwHJUL7uyd0TmKDwRPNSTC8DddAOCplbyzJ8clN84e/Q5fRck7kp1lfiGB675ymCMfVaRHJLbqjJXN6nEBeb9Az1xoc03pNTyT+a1Kw87oML5hBEt3cPyjKfISaZyuVjGOcMBWqvQVHqGBB+K7/yZ7VXDH4Vi0FVE6OaiakKiqjZcHm/AXKyIWZebK4MFl69sFVflHTr5cS01zwMZ4FY50ngq4eEviMiDQSRzqEMlDsf0bLnckYg+EYVbatSj+5fy6I18eQnSqy4RRB0/I6IOKynrMoh0pvDJrRxbLklNPsST6aTw2w2XRpRAL08z1u7jQeRInh2cwQiV0h7Wg7cSbwwm22DkTIYqmI9NA13JT4CgNQtVUuV2zn/3k2Vmz39WupWg/+6iaU4SCXztKcANdQmxlwHwNidxHNoYCC0yCSHcwEqe6WDhUuEdpQoLBaNv52cPplExU142hWeTVkRPsIUrpiGxJ4wnoI0OEKwpHo1t1B5n7uSCkblUbkYpKIGiptmSQDXP8pZyHhYrkxMou/CSm2DGN+y2B6MmEw1LYDxbx3gJeoRWrowbDOfzS9G9UhARN61cQiHfqXMrmX+O7vjnSk61YCng2m7UZjZw3Ew==\n",
            "public_key_pem": "-----BEGIN PUBLIC KEY-----\nMIICIjANBgkqhkiG9w0BAQEFAAOCAg8AMIICCgKCAgEA8WRNbdTRM/9x02U/agCo\n6mVsFgW07dKXj2x2/cC3c5ewK+uypB7Num/HUKr4G/4wMByVC+7sndE5ig8ETzUk\nwvA3XQDgqZW8syfHJTfOHv0OX0XJO5KdZX4hgeu+cpgjH1WkRyS26oyVzepxAXm/\nQM9caHNN6TU8k/mtSsPO6DC+YQRLd3D8oynyEmmcrlYxjnDAVqr0FR6hgQfiu/8m\ne1Vwx+FYtBVROjmompCoqo2XB5vwFysiFmXmyuDBZevbBVX5R06+XEtNc8DGeBWO\ndJ4KuHhL4jIg0Ekc6hDJQ7H9Gy53JGIPhGFW2rUo/uX8uiNfHkJ0qsuEUQdPyOiD\nisp6zKIdKbwya0cWy5JTT7Ek+mk8NsNl0aUQC9PM9bu40HkSJ4dnMEIldIe1oO3E\nm8MJttg5EyGKpiPTQNdyU+AoDULVVLlds5/95NlZs9/VrqVoP/uomlOEgl87SnAD\nXUJsZcB8DYncRzaGAgtMgkh3MBKnulg4VLhHaUKCwWjb+dnD6ZRMVNeNoVnk1ZET\n7CFK6YhsSeMJ6CNDhCsKR6NbdQeZ+7kgpG5VG5GKSiBoqbZkkA1z/KWch4WK5MTK\nLvwkptgxjfstgejJhMNS2A8W8d4CXqEVq6MGwzn80vRvVIQETetXEIh36lzK5l/j\nu7450pOtWAp4Npu1GY2cNxMCAwEAAQ==\n-----END PUBLIC KEY-----\n",
            "rsa_bits": 4096
          },
          "sensitive_attributes": []
        }
      ]
    }
  ],
  "check_results": null
}
